// !$*UTF8*$!
{
	archiveVersion = 1;
	classes = {
	};
	objectVersion = 46;
	objects = {

/* Begin PBXBuildFile section */
		0A272C8418E2035F008070DE /* tabUpdates.xib in Resources */ = {isa = PBXBuildFile; fileRef = 0A272C8318E2035F008070DE /* tabUpdates.xib */; };
		0A347F83197DFCC1009B02D5 /* AZRHeaderCellView.m in Sources */ = {isa = PBXBuildFile; fileRef = 0A347F82197DFCC1009B02D5 /* AZRHeaderCellView.m */; };
		0A347F8B197E0CE9009B02D5 /* fav32.ico in Resources */ = {isa = PBXBuildFile; fileRef = 0A347F8A197E0CE9009B02D5 /* fav32.ico */; };
		0A40065218E36FA600746C2D /* AZRUpdatesTab.m in Sources */ = {isa = PBXBuildFile; fileRef = 0A40065118E36FA600746C2D /* AZRUpdatesTab.m */; };
		0A40065918E376F200746C2D /* AZRVersionsTab.m in Sources */ = {isa = PBXBuildFile; fileRef = 0A40065818E376F200746C2D /* AZRVersionsTab.m */; };
		0A4F75E81A80D9C600963DF3 /* AZAlertSheet.m in Sources */ = {isa = PBXBuildFile; fileRef = 0A4F75D51A80D9C600963DF3 /* AZAlertSheet.m */; };
		0A4F75E91A80D9C600963DF3 /* AZAlertSheet.xib in Resources */ = {isa = PBXBuildFile; fileRef = 0A4F75D61A80D9C600963DF3 /* AZAlertSheet.xib */; };
		0A4F75EA1A80D9C600963DF3 /* AZCaseUnsencitiveComboBoxCell.m in Sources */ = {isa = PBXBuildFile; fileRef = 0A4F75D81A80D9C600963DF3 /* AZCaseUnsencitiveComboBoxCell.m */; };
		0A4F75EB1A80D9C600963DF3 /* AZCollapsingView.m in Sources */ = {isa = PBXBuildFile; fileRef = 0A4F75DA1A80D9C600963DF3 /* AZCollapsingView.m */; };
		0A4F75EC1A80D9C600963DF3 /* AZDelayableAction.m in Sources */ = {isa = PBXBuildFile; fileRef = 0A4F75DC1A80D9C600963DF3 /* AZDelayableAction.m */; };
		0A4F75ED1A80D9C600963DF3 /* AZFlippedView.m in Sources */ = {isa = PBXBuildFile; fileRef = 0A4F75DE1A80D9C600963DF3 /* AZFlippedView.m */; };
		0A4F75EE1A80D9C600963DF3 /* AZSheetWindowController.m in Sources */ = {isa = PBXBuildFile; fileRef = 0A4F75E01A80D9C600963DF3 /* AZSheetWindowController.m */; };
		0A4F75EF1A80D9C600963DF3 /* AZSyncedScrollView.m in Sources */ = {isa = PBXBuildFile; fileRef = 0A4F75E21A80D9C600963DF3 /* AZSyncedScrollView.m */; };
		0A4F75F01A80D9C600963DF3 /* AZTabProvider.m in Sources */ = {isa = PBXBuildFile; fileRef = 0A4F75E41A80D9C600963DF3 /* AZTabProvider.m */; };
		0A4F75F11A80D9C600963DF3 /* AZTabsGroup.m in Sources */ = {isa = PBXBuildFile; fileRef = 0A4F75E71A80D9C600963DF3 /* AZTabsGroup.m */; };
		0A4F760B1A80D9F500963DF3 /* AZAPIProvider.m in Sources */ = {isa = PBXBuildFile; fileRef = 0A4F75F41A80D9F500963DF3 /* AZAPIProvider.m */; };
		0A4F760C1A80D9F500963DF3 /* AZClientAPI.m in Sources */ = {isa = PBXBuildFile; fileRef = 0A4F75F61A80D9F500963DF3 /* AZClientAPI.m */; };
		0A4F760D1A80D9F500963DF3 /* TFHpple.m in Sources */ = {isa = PBXBuildFile; fileRef = 0A4F75FA1A80D9F500963DF3 /* TFHpple.m */; };
		0A4F760E1A80D9F500963DF3 /* TFHppleElement.m in Sources */ = {isa = PBXBuildFile; fileRef = 0A4F75FC1A80D9F500963DF3 /* TFHppleElement.m */; };
		0A4F760F1A80D9F500963DF3 /* XPathQuery.m in Sources */ = {isa = PBXBuildFile; fileRef = 0A4F75FE1A80D9F500963DF3 /* XPathQuery.m */; };
		0A4F76101A80D9F500963DF3 /* AZHTMLRequest.m in Sources */ = {isa = PBXBuildFile; fileRef = 0A4F76011A80D9F500963DF3 /* AZHTMLRequest.m */; };
		0A4F76111A80D9F500963DF3 /* AZHTTPRequest.m in Sources */ = {isa = PBXBuildFile; fileRef = 0A4F76031A80D9F500963DF3 /* AZHTTPRequest.m */; };
		0A4F76121A80D9F500963DF3 /* AZJSONAPI.m in Sources */ = {isa = PBXBuildFile; fileRef = 0A4F76061A80D9F500963DF3 /* AZJSONAPI.m */; };
		0A4F76131A80D9F500963DF3 /* AZJSONRequest.m in Sources */ = {isa = PBXBuildFile; fileRef = 0A4F76081A80D9F500963DF3 /* AZJSONRequest.m */; };
		0A4F76141A80D9F500963DF3 /* AZJSONUtils.m in Sources */ = {isa = PBXBuildFile; fileRef = 0A4F760A1A80D9F500963DF3 /* AZJSONUtils.m */; };
		0A4F76161A80DA3600963DF3 /* libxml2.2.dylib in Frameworks */ = {isa = PBXBuildFile; fileRef = 0A4F76151A80DA3600963DF3 /* libxml2.2.dylib */; };
		0A4F76191A80DBB300963DF3 /* AZAppDelegate.m in Sources */ = {isa = PBXBuildFile; fileRef = 0A4F76181A80DBB300963DF3 /* AZAppDelegate.m */; };
		0A4F762B1A80DE2D00963DF3 /* AZMultipleTargetDelegate.m in Sources */ = {isa = PBXBuildFile; fileRef = 0A4F761C1A80DE2D00963DF3 /* AZMultipleTargetDelegate.m */; };
		0A4F762C1A80DE2D00963DF3 /* AZUtils.m in Sources */ = {isa = PBXBuildFile; fileRef = 0A4F761E1A80DE2D00963DF3 /* AZUtils.m */; };
		0A4F762D1A80DE2D00963DF3 /* NSArray+AnkhUtils.m in Sources */ = {isa = PBXBuildFile; fileRef = 0A4F76201A80DE2D00963DF3 /* NSArray+AnkhUtils.m */; };
		0A4F762E1A80DE2D00963DF3 /* NSColor+AnkhColors.m in Sources */ = {isa = PBXBuildFile; fileRef = 0A4F76221A80DE2D00963DF3 /* NSColor+AnkhColors.m */; };
		0A4F762F1A80DE2D00963DF3 /* NSString+AnkhUtils.m in Sources */ = {isa = PBXBuildFile; fileRef = 0A4F76241A80DE2D00963DF3 /* NSString+AnkhUtils.m */; };
		0A4F76301A80DE2D00963DF3 /* NSURL+AnkhUtils.m in Sources */ = {isa = PBXBuildFile; fileRef = 0A4F76261A80DE2D00963DF3 /* NSURL+AnkhUtils.m */; };
		0A4F76311A80DE2D00963DF3 /* NSUserDefaults+AnkhUtils.m in Sources */ = {isa = PBXBuildFile; fileRef = 0A4F76281A80DE2D00963DF3 /* NSUserDefaults+AnkhUtils.m */; };
		0A4F76321A80DE2D00963DF3 /* NSView+AnkhUtils.m in Sources */ = {isa = PBXBuildFile; fileRef = 0A4F762A1A80DE2D00963DF3 /* NSView+AnkhUtils.m */; };
		0A4F76341A80F4E500963DF3 /* tabReader.xib in Resources */ = {isa = PBXBuildFile; fileRef = 0A4F76331A80F4E500963DF3 /* tabReader.xib */; };
		0A4F76371A80F50600963DF3 /* AZRReaderTab.m in Sources */ = {isa = PBXBuildFile; fileRef = 0A4F76361A80F50600963DF3 /* AZRReaderTab.m */; };
		0A4F76391A80F64600963DF3 /* WebKit.framework in Frameworks */ = {isa = PBXBuildFile; fileRef = 0A4F76381A80F64600963DF3 /* WebKit.framework */; };
		0A595079197C370B00B9F60D /* Cocoa.framework in Frameworks */ = {isa = PBXBuildFile; fileRef = 0A595078197C370B00B9F60D /* Cocoa.framework */; };
		0A595083197C370B00B9F60D /* InfoPlist.strings in Resources */ = {isa = PBXBuildFile; fileRef = 0A595081197C370B00B9F60D /* InfoPlist.strings */; };
		0A595085197C370B00B9F60D /* main.m in Sources */ = {isa = PBXBuildFile; fileRef = 0A595084197C370B00B9F60D /* main.m */; };
		0A595089197C370B00B9F60D /* Credits.rtf in Resources */ = {isa = PBXBuildFile; fileRef = 0A595087197C370B00B9F60D /* Credits.rtf */; };
		0A59508C197C370B00B9F60D /* AZRAppDelegate.m in Sources */ = {isa = PBXBuildFile; fileRef = 0A59508B197C370B00B9F60D /* AZRAppDelegate.m */; };
		0A59508F197C370C00B9F60D /* MainMenu.xib in Resources */ = {isa = PBXBuildFile; fileRef = 0A59508D197C370C00B9F60D /* MainMenu.xib */; };
		0A595092197C370C00B9F60D /* AnkhReader.xcdatamodeld in Sources */ = {isa = PBXBuildFile; fileRef = 0A595090197C370C00B9F60D /* AnkhReader.xcdatamodeld */; };
		0A595094197C370C00B9F60D /* Images.xcassets in Resources */ = {isa = PBXBuildFile; fileRef = 0A595093197C370C00B9F60D /* Images.xcassets */; };
		0A59509B197C370C00B9F60D /* XCTest.framework in Frameworks */ = {isa = PBXBuildFile; fileRef = 0A59509A197C370C00B9F60D /* XCTest.framework */; };
		0A59509C197C370C00B9F60D /* Cocoa.framework in Frameworks */ = {isa = PBXBuildFile; fileRef = 0A595078197C370B00B9F60D /* Cocoa.framework */; };
		0A5950A4197C370C00B9F60D /* InfoPlist.strings in Resources */ = {isa = PBXBuildFile; fileRef = 0A5950A2197C370C00B9F60D /* InfoPlist.strings */; };
		0A5950B7197C387000B9F60D /* AZDataProxyContainer.m in Sources */ = {isa = PBXBuildFile; fileRef = 0A5950B0197C387000B9F60D /* AZDataProxyContainer.m */; };
		0A5950B8197C387000B9F60D /* AZSynkEnabledStorage.m in Sources */ = {isa = PBXBuildFile; fileRef = 0A5950B2197C387000B9F60D /* AZSynkEnabledStorage.m */; };
		0A5950BA197C387000B9F60D /* DataProxy.m in Sources */ = {isa = PBXBuildFile; fileRef = 0A5950B6197C387000B9F60D /* DataProxy.m */; };
		0A5950C5197C42C400B9F60D /* AZRAPILayerSpec.m in Sources */ = {isa = PBXBuildFile; fileRef = 0A5950C4197C42C400B9F60D /* AZRAPILayerSpec.m */; };
		0A5950CC197C946900B9F60D /* AZRAuthorsDataSource.m in Sources */ = {isa = PBXBuildFile; fileRef = 0A5950CB197C946900B9F60D /* AZRAuthorsDataSource.m */; };
		0A5950CF197CA22700B9F60D /* AZRAuthorTableCellView.m in Sources */ = {isa = PBXBuildFile; fileRef = 0A5950CE197CA22700B9F60D /* AZRAuthorTableCellView.m */; };
		0A5950D4197CD9A400B9F60D /* AZRAuthor.m in Sources */ = {isa = PBXBuildFile; fileRef = 0A5950D3197CD9A400B9F60D /* AZRAuthor.m */; };
		0A6000381A1A24F100065890 /* AZRSyncedScrollView.m in Sources */ = {isa = PBXBuildFile; fileRef = 0A6000371A1A24F100065890 /* AZRSyncedScrollView.m */; };
		0A7A8668197D4A7300E80B98 /* AZRConfigurableTableCellView.m in Sources */ = {isa = PBXBuildFile; fileRef = 0A7A8667197D4A7300E80B98 /* AZRConfigurableTableCellView.m */; };
		0A7A866B197D4CE400E80B98 /* AZRUpdatesDataSource.m in Sources */ = {isa = PBXBuildFile; fileRef = 0A7A866A197D4CE400E80B98 /* AZRUpdatesDataSource.m */; };
		0A7A866E197D5A8C00E80B98 /* AZRUpdateTableCellView.m in Sources */ = {isa = PBXBuildFile; fileRef = 0A7A866D197D5A8C00E80B98 /* AZRUpdateTableCellView.m */; };
		0A7A8671197D5DAC00E80B98 /* AZRUpdate.m in Sources */ = {isa = PBXBuildFile; fileRef = 0A7A8670197D5DAC00E80B98 /* AZRUpdate.m */; };
		0A7A8674197D5E1A00E80B98 /* AZREntitiesRegistry.m in Sources */ = {isa = PBXBuildFile; fileRef = 0A7A8673197D5E1A00E80B98 /* AZREntitiesRegistry.m */; };
		0A7A8677197D5E8C00E80B98 /* AZREntity.m in Sources */ = {isa = PBXBuildFile; fileRef = 0A7A8676197D5E8C00E80B98 /* AZREntity.m */; };
		0A7A867B197D644B00E80B98 /* AZRPage.m in Sources */ = {isa = PBXBuildFile; fileRef = 0A7A867A197D644B00E80B98 /* AZRPage.m */; };
		0A7A867E197D647B00E80B98 /* AZRGroup.m in Sources */ = {isa = PBXBuildFile; fileRef = 0A7A867D197D647B00E80B98 /* AZRGroup.m */; };
		0AA05BBE19E7545800962614 /* AZRFlippedView.m in Sources */ = {isa = PBXBuildFile; fileRef = 0AA05BBD19E7545800962614 /* AZRFlippedView.m */; };
		0AAF340018E5E73300424B4C /* AZRUserAPI.m in Sources */ = {isa = PBXBuildFile; fileRef = 0AAF33FF18E5E73300424B4C /* AZRUserAPI.m */; };
		0AAF340318E5E74500424B4C /* AZRAuthorsAPI.m in Sources */ = {isa = PBXBuildFile; fileRef = 0AAF340218E5E74500424B4C /* AZRAuthorsAPI.m */; };
		0AAF341918E5F84800424B4C /* AZRLoginTab.m in Sources */ = {isa = PBXBuildFile; fileRef = 0AAF341818E5F84800424B4C /* AZRLoginTab.m */; };
		0AAF341B18E5F86500424B4C /* tabLogin.xib in Resources */ = {isa = PBXBuildFile; fileRef = 0AAF341A18E5F86500424B4C /* tabLogin.xib */; };
		0AAF342118E604AD00424B4C /* AZRUpdatesAPI.m in Sources */ = {isa = PBXBuildFile; fileRef = 0AAF342018E604AD00424B4C /* AZRUpdatesAPI.m */; };
		0AAF342418E61ECC00424B4C /* AZRUser.m in Sources */ = {isa = PBXBuildFile; fileRef = 0AAF342318E61ECC00424B4C /* AZRUser.m */; };
		0AAF342718E697E700424B4C /* AZRPagesAPI.m in Sources */ = {isa = PBXBuildFile; fileRef = 0AAF342618E697E700424B4C /* AZRPagesAPI.m */; };
		0AAF342B18E6A43D00424B4C /* AZRPageVersion.m in Sources */ = {isa = PBXBuildFile; fileRef = 0AAF342A18E6A43D00424B4C /* AZRPageVersion.m */; };
		0AAF342E18E6AC9B00424B4C /* AZRVersionsDataSource.m in Sources */ = {isa = PBXBuildFile; fileRef = 0AAF342D18E6AC9B00424B4C /* AZRVersionsDataSource.m */; };
		0AAF343118E6B17600424B4C /* AZRVersionCellView.m in Sources */ = {isa = PBXBuildFile; fileRef = 0AAF343018E6B17600424B4C /* AZRVersionCellView.m */; };
		0AAF343318E6EA9C00424B4C /* tabPreferences.xib in Resources */ = {isa = PBXBuildFile; fileRef = 0AAF343218E6EA9C00424B4C /* tabPreferences.xib */; };
		0AAF343618E6EBA200424B4C /* AZRPreferencesTab.m in Sources */ = {isa = PBXBuildFile; fileRef = 0AAF343518E6EBA200424B4C /* AZRPreferencesTab.m */; };
		0ACFF9B81A1E29020086B104 /* AZRAuthor+AnkhUtils.m in Sources */ = {isa = PBXBuildFile; fileRef = 0ACFF9B71A1E29020086B104 /* AZRAuthor+AnkhUtils.m */; };
		0ACFF9BC1A1E39480086B104 /* AZRAnkhAPI.m in Sources */ = {isa = PBXBuildFile; fileRef = 0ACFF9BB1A1E39480086B104 /* AZRAnkhAPI.m */; };
		0AF1C0D0197DE7B600798532 /* AZRGroupTableCellView.m in Sources */ = {isa = PBXBuildFile; fileRef = 0AF1C0CF197DE7B600798532 /* AZRGroupTableCellView.m */; };
		0AFC9E2518E220520050C53F /* tabVersions.xib in Resources */ = {isa = PBXBuildFile; fileRef = 0AFC9E2418E220520050C53F /* tabVersions.xib */; };
		859295A3066B427A83AC8650 /* libPods-AnkhReaderTests.a in Frameworks */ = {isa = PBXBuildFile; fileRef = 21C8C4FB766A48C09D5DA8C2 /* libPods-AnkhReaderTests.a */; };
/* End PBXBuildFile section */

/* Begin PBXContainerItemProxy section */
		0A59509D197C370C00B9F60D /* PBXContainerItemProxy */ = {
			isa = PBXContainerItemProxy;
			containerPortal = 0A59506D197C370B00B9F60D /* Project object */;
			proxyType = 1;
			remoteGlobalIDString = 0A595074197C370B00B9F60D;
			remoteInfo = AnkhReader;
		};
/* End PBXContainerItemProxy section */

/* Begin PBXFileReference section */
		0A272C8318E2035F008070DE /* tabUpdates.xib */ = {isa = PBXFileReference; fileEncoding = 4; lastKnownFileType = file.xib; path = tabUpdates.xib; sourceTree = "<group>"; };
		0A347F81197DFCC1009B02D5 /* AZRHeaderCellView.h */ = {isa = PBXFileReference; fileEncoding = 4; lastKnownFileType = sourcecode.c.h; path = AZRHeaderCellView.h; sourceTree = "<group>"; };
		0A347F82197DFCC1009B02D5 /* AZRHeaderCellView.m */ = {isa = PBXFileReference; fileEncoding = 4; lastKnownFileType = sourcecode.c.objc; path = AZRHeaderCellView.m; sourceTree = "<group>"; };
		0A347F8A197E0CE9009B02D5 /* fav32.ico */ = {isa = PBXFileReference; lastKnownFileType = image.ico; name = fav32.ico; path = ../fav32.ico; sourceTree = "<group>"; };
		0A40065018E36FA600746C2D /* AZRUpdatesTab.h */ = {isa = PBXFileReference; fileEncoding = 4; lastKnownFileType = sourcecode.c.h; path = AZRUpdatesTab.h; sourceTree = "<group>"; };
		0A40065118E36FA600746C2D /* AZRUpdatesTab.m */ = {isa = PBXFileReference; fileEncoding = 4; lastKnownFileType = sourcecode.c.objc; path = AZRUpdatesTab.m; sourceTree = "<group>"; };
		0A40065718E376F200746C2D /* AZRVersionsTab.h */ = {isa = PBXFileReference; fileEncoding = 4; lastKnownFileType = sourcecode.c.h; path = AZRVersionsTab.h; sourceTree = "<group>"; };
		0A40065818E376F200746C2D /* AZRVersionsTab.m */ = {isa = PBXFileReference; fileEncoding = 4; lastKnownFileType = sourcecode.c.objc; path = AZRVersionsTab.m; sourceTree = "<group>"; };
		0A4F75D41A80D9C600963DF3 /* AZAlertSheet.h */ = {isa = PBXFileReference; fileEncoding = 4; lastKnownFileType = sourcecode.c.h; path = AZAlertSheet.h; sourceTree = "<group>"; };
		0A4F75D51A80D9C600963DF3 /* AZAlertSheet.m */ = {isa = PBXFileReference; fileEncoding = 4; lastKnownFileType = sourcecode.c.objc; path = AZAlertSheet.m; sourceTree = "<group>"; };
		0A4F75D61A80D9C600963DF3 /* AZAlertSheet.xib */ = {isa = PBXFileReference; fileEncoding = 4; lastKnownFileType = file.xib; path = AZAlertSheet.xib; sourceTree = "<group>"; };
		0A4F75D71A80D9C600963DF3 /* AZCaseUnsencitiveComboBoxCell.h */ = {isa = PBXFileReference; fileEncoding = 4; lastKnownFileType = sourcecode.c.h; path = AZCaseUnsencitiveComboBoxCell.h; sourceTree = "<group>"; };
		0A4F75D81A80D9C600963DF3 /* AZCaseUnsencitiveComboBoxCell.m */ = {isa = PBXFileReference; fileEncoding = 4; lastKnownFileType = sourcecode.c.objc; path = AZCaseUnsencitiveComboBoxCell.m; sourceTree = "<group>"; };
		0A4F75D91A80D9C600963DF3 /* AZCollapsingView.h */ = {isa = PBXFileReference; fileEncoding = 4; lastKnownFileType = sourcecode.c.h; path = AZCollapsingView.h; sourceTree = "<group>"; };
		0A4F75DA1A80D9C600963DF3 /* AZCollapsingView.m */ = {isa = PBXFileReference; fileEncoding = 4; lastKnownFileType = sourcecode.c.objc; path = AZCollapsingView.m; sourceTree = "<group>"; };
		0A4F75DB1A80D9C600963DF3 /* AZDelayableAction.h */ = {isa = PBXFileReference; fileEncoding = 4; lastKnownFileType = sourcecode.c.h; path = AZDelayableAction.h; sourceTree = "<group>"; };
		0A4F75DC1A80D9C600963DF3 /* AZDelayableAction.m */ = {isa = PBXFileReference; fileEncoding = 4; lastKnownFileType = sourcecode.c.objc; path = AZDelayableAction.m; sourceTree = "<group>"; };
		0A4F75DD1A80D9C600963DF3 /* AZFlippedView.h */ = {isa = PBXFileReference; fileEncoding = 4; lastKnownFileType = sourcecode.c.h; path = AZFlippedView.h; sourceTree = "<group>"; };
		0A4F75DE1A80D9C600963DF3 /* AZFlippedView.m */ = {isa = PBXFileReference; fileEncoding = 4; lastKnownFileType = sourcecode.c.objc; path = AZFlippedView.m; sourceTree = "<group>"; };
		0A4F75DF1A80D9C600963DF3 /* AZSheetWindowController.h */ = {isa = PBXFileReference; fileEncoding = 4; lastKnownFileType = sourcecode.c.h; path = AZSheetWindowController.h; sourceTree = "<group>"; };
		0A4F75E01A80D9C600963DF3 /* AZSheetWindowController.m */ = {isa = PBXFileReference; fileEncoding = 4; lastKnownFileType = sourcecode.c.objc; path = AZSheetWindowController.m; sourceTree = "<group>"; };
		0A4F75E11A80D9C600963DF3 /* AZSyncedScrollView.h */ = {isa = PBXFileReference; fileEncoding = 4; lastKnownFileType = sourcecode.c.h; path = AZSyncedScrollView.h; sourceTree = "<group>"; };
		0A4F75E21A80D9C600963DF3 /* AZSyncedScrollView.m */ = {isa = PBXFileReference; fileEncoding = 4; lastKnownFileType = sourcecode.c.objc; path = AZSyncedScrollView.m; sourceTree = "<group>"; };
		0A4F75E31A80D9C600963DF3 /* AZTabProvider.h */ = {isa = PBXFileReference; fileEncoding = 4; lastKnownFileType = sourcecode.c.h; path = AZTabProvider.h; sourceTree = "<group>"; };
		0A4F75E41A80D9C600963DF3 /* AZTabProvider.m */ = {isa = PBXFileReference; fileEncoding = 4; lastKnownFileType = sourcecode.c.objc; path = AZTabProvider.m; sourceTree = "<group>"; };
		0A4F75E51A80D9C600963DF3 /* AZTabsCommons.h */ = {isa = PBXFileReference; fileEncoding = 4; lastKnownFileType = sourcecode.c.h; path = AZTabsCommons.h; sourceTree = "<group>"; };
		0A4F75E61A80D9C600963DF3 /* AZTabsGroup.h */ = {isa = PBXFileReference; fileEncoding = 4; lastKnownFileType = sourcecode.c.h; path = AZTabsGroup.h; sourceTree = "<group>"; };
		0A4F75E71A80D9C600963DF3 /* AZTabsGroup.m */ = {isa = PBXFileReference; fileEncoding = 4; lastKnownFileType = sourcecode.c.objc; path = AZTabsGroup.m; sourceTree = "<group>"; };
		0A4F75F31A80D9F500963DF3 /* AZAPIProvider.h */ = {isa = PBXFileReference; fileEncoding = 4; lastKnownFileType = sourcecode.c.h; path = AZAPIProvider.h; sourceTree = "<group>"; };
		0A4F75F41A80D9F500963DF3 /* AZAPIProvider.m */ = {isa = PBXFileReference; fileEncoding = 4; lastKnownFileType = sourcecode.c.objc; path = AZAPIProvider.m; sourceTree = "<group>"; };
		0A4F75F51A80D9F500963DF3 /* AZClientAPI.h */ = {isa = PBXFileReference; fileEncoding = 4; lastKnownFileType = sourcecode.c.h; path = AZClientAPI.h; sourceTree = "<group>"; };
		0A4F75F61A80D9F500963DF3 /* AZClientAPI.m */ = {isa = PBXFileReference; fileEncoding = 4; lastKnownFileType = sourcecode.c.objc; path = AZClientAPI.m; sourceTree = "<group>"; };
		0A4F75F71A80D9F500963DF3 /* AZClientAPICore.h */ = {isa = PBXFileReference; fileEncoding = 4; lastKnownFileType = sourcecode.c.h; path = AZClientAPICore.h; sourceTree = "<group>"; };
		0A4F75F91A80D9F500963DF3 /* TFHpple.h */ = {isa = PBXFileReference; fileEncoding = 4; lastKnownFileType = sourcecode.c.h; path = TFHpple.h; sourceTree = "<group>"; };
		0A4F75FA1A80D9F500963DF3 /* TFHpple.m */ = {isa = PBXFileReference; fileEncoding = 4; lastKnownFileType = sourcecode.c.objc; path = TFHpple.m; sourceTree = "<group>"; };
		0A4F75FB1A80D9F500963DF3 /* TFHppleElement.h */ = {isa = PBXFileReference; fileEncoding = 4; lastKnownFileType = sourcecode.c.h; path = TFHppleElement.h; sourceTree = "<group>"; };
		0A4F75FC1A80D9F500963DF3 /* TFHppleElement.m */ = {isa = PBXFileReference; fileEncoding = 4; lastKnownFileType = sourcecode.c.objc; path = TFHppleElement.m; sourceTree = "<group>"; };
		0A4F75FD1A80D9F500963DF3 /* XPathQuery.h */ = {isa = PBXFileReference; fileEncoding = 4; lastKnownFileType = sourcecode.c.h; path = XPathQuery.h; sourceTree = "<group>"; };
		0A4F75FE1A80D9F500963DF3 /* XPathQuery.m */ = {isa = PBXFileReference; fileEncoding = 4; lastKnownFileType = sourcecode.c.objc; path = XPathQuery.m; sourceTree = "<group>"; };
		0A4F76001A80D9F500963DF3 /* AZHTMLRequest.h */ = {isa = PBXFileReference; fileEncoding = 4; lastKnownFileType = sourcecode.c.h; path = AZHTMLRequest.h; sourceTree = "<group>"; };
		0A4F76011A80D9F500963DF3 /* AZHTMLRequest.m */ = {isa = PBXFileReference; fileEncoding = 4; lastKnownFileType = sourcecode.c.objc; path = AZHTMLRequest.m; sourceTree = "<group>"; };
		0A4F76021A80D9F500963DF3 /* AZHTTPRequest.h */ = {isa = PBXFileReference; fileEncoding = 4; lastKnownFileType = sourcecode.c.h; path = AZHTTPRequest.h; sourceTree = "<group>"; };
		0A4F76031A80D9F500963DF3 /* AZHTTPRequest.m */ = {isa = PBXFileReference; fileEncoding = 4; lastKnownFileType = sourcecode.c.objc; path = AZHTTPRequest.m; sourceTree = "<group>"; };
		0A4F76051A80D9F500963DF3 /* AZJSONAPI.h */ = {isa = PBXFileReference; fileEncoding = 4; lastKnownFileType = sourcecode.c.h; path = AZJSONAPI.h; sourceTree = "<group>"; };
		0A4F76061A80D9F500963DF3 /* AZJSONAPI.m */ = {isa = PBXFileReference; fileEncoding = 4; lastKnownFileType = sourcecode.c.objc; path = AZJSONAPI.m; sourceTree = "<group>"; };
		0A4F76071A80D9F500963DF3 /* AZJSONRequest.h */ = {isa = PBXFileReference; fileEncoding = 4; lastKnownFileType = sourcecode.c.h; path = AZJSONRequest.h; sourceTree = "<group>"; };
		0A4F76081A80D9F500963DF3 /* AZJSONRequest.m */ = {isa = PBXFileReference; fileEncoding = 4; lastKnownFileType = sourcecode.c.objc; path = AZJSONRequest.m; sourceTree = "<group>"; };
		0A4F76091A80D9F500963DF3 /* AZJSONUtils.h */ = {isa = PBXFileReference; fileEncoding = 4; lastKnownFileType = sourcecode.c.h; path = AZJSONUtils.h; sourceTree = "<group>"; };
		0A4F760A1A80D9F500963DF3 /* AZJSONUtils.m */ = {isa = PBXFileReference; fileEncoding = 4; lastKnownFileType = sourcecode.c.objc; path = AZJSONUtils.m; sourceTree = "<group>"; };
		0A4F76151A80DA3600963DF3 /* libxml2.2.dylib */ = {isa = PBXFileReference; lastKnownFileType = "compiled.mach-o.dylib"; name = libxml2.2.dylib; path = usr/lib/libxml2.2.dylib; sourceTree = SDKROOT; };
		0A4F76171A80DBB300963DF3 /* AZAppDelegate.h */ = {isa = PBXFileReference; fileEncoding = 4; lastKnownFileType = sourcecode.c.h; path = AZAppDelegate.h; sourceTree = "<group>"; };
		0A4F76181A80DBB300963DF3 /* AZAppDelegate.m */ = {isa = PBXFileReference; fileEncoding = 4; lastKnownFileType = sourcecode.c.objc; path = AZAppDelegate.m; sourceTree = "<group>"; };
		0A4F761B1A80DE2D00963DF3 /* AZMultipleTargetDelegate.h */ = {isa = PBXFileReference; fileEncoding = 4; lastKnownFileType = sourcecode.c.h; path = AZMultipleTargetDelegate.h; sourceTree = "<group>"; };
		0A4F761C1A80DE2D00963DF3 /* AZMultipleTargetDelegate.m */ = {isa = PBXFileReference; fileEncoding = 4; lastKnownFileType = sourcecode.c.objc; path = AZMultipleTargetDelegate.m; sourceTree = "<group>"; };
		0A4F761D1A80DE2D00963DF3 /* AZUtils.h */ = {isa = PBXFileReference; fileEncoding = 4; lastKnownFileType = sourcecode.c.h; path = AZUtils.h; sourceTree = "<group>"; };
		0A4F761E1A80DE2D00963DF3 /* AZUtils.m */ = {isa = PBXFileReference; fileEncoding = 4; lastKnownFileType = sourcecode.c.objc; path = AZUtils.m; sourceTree = "<group>"; };
		0A4F761F1A80DE2D00963DF3 /* NSArray+AnkhUtils.h */ = {isa = PBXFileReference; fileEncoding = 4; lastKnownFileType = sourcecode.c.h; path = "NSArray+AnkhUtils.h"; sourceTree = "<group>"; };
		0A4F76201A80DE2D00963DF3 /* NSArray+AnkhUtils.m */ = {isa = PBXFileReference; fileEncoding = 4; lastKnownFileType = sourcecode.c.objc; path = "NSArray+AnkhUtils.m"; sourceTree = "<group>"; };
		0A4F76211A80DE2D00963DF3 /* NSColor+AnkhColors.h */ = {isa = PBXFileReference; fileEncoding = 4; lastKnownFileType = sourcecode.c.h; path = "NSColor+AnkhColors.h"; sourceTree = "<group>"; };
		0A4F76221A80DE2D00963DF3 /* NSColor+AnkhColors.m */ = {isa = PBXFileReference; fileEncoding = 4; lastKnownFileType = sourcecode.c.objc; path = "NSColor+AnkhColors.m"; sourceTree = "<group>"; };
		0A4F76231A80DE2D00963DF3 /* NSString+AnkhUtils.h */ = {isa = PBXFileReference; fileEncoding = 4; lastKnownFileType = sourcecode.c.h; path = "NSString+AnkhUtils.h"; sourceTree = "<group>"; };
		0A4F76241A80DE2D00963DF3 /* NSString+AnkhUtils.m */ = {isa = PBXFileReference; fileEncoding = 4; lastKnownFileType = sourcecode.c.objc; path = "NSString+AnkhUtils.m"; sourceTree = "<group>"; };
		0A4F76251A80DE2D00963DF3 /* NSURL+AnkhUtils.h */ = {isa = PBXFileReference; fileEncoding = 4; lastKnownFileType = sourcecode.c.h; path = "NSURL+AnkhUtils.h"; sourceTree = "<group>"; };
		0A4F76261A80DE2D00963DF3 /* NSURL+AnkhUtils.m */ = {isa = PBXFileReference; fileEncoding = 4; lastKnownFileType = sourcecode.c.objc; path = "NSURL+AnkhUtils.m"; sourceTree = "<group>"; };
		0A4F76271A80DE2D00963DF3 /* NSUserDefaults+AnkhUtils.h */ = {isa = PBXFileReference; fileEncoding = 4; lastKnownFileType = sourcecode.c.h; path = "NSUserDefaults+AnkhUtils.h"; sourceTree = "<group>"; };
		0A4F76281A80DE2D00963DF3 /* NSUserDefaults+AnkhUtils.m */ = {isa = PBXFileReference; fileEncoding = 4; lastKnownFileType = sourcecode.c.objc; path = "NSUserDefaults+AnkhUtils.m"; sourceTree = "<group>"; };
		0A4F76291A80DE2D00963DF3 /* NSView+AnkhUtils.h */ = {isa = PBXFileReference; fileEncoding = 4; lastKnownFileType = sourcecode.c.h; path = "NSView+AnkhUtils.h"; sourceTree = "<group>"; };
		0A4F762A1A80DE2D00963DF3 /* NSView+AnkhUtils.m */ = {isa = PBXFileReference; fileEncoding = 4; lastKnownFileType = sourcecode.c.objc; path = "NSView+AnkhUtils.m"; sourceTree = "<group>"; };
		0A4F76331A80F4E500963DF3 /* tabReader.xib */ = {isa = PBXFileReference; fileEncoding = 4; lastKnownFileType = file.xib; path = tabReader.xib; sourceTree = "<group>"; };
		0A4F76351A80F50600963DF3 /* AZRReaderTab.h */ = {isa = PBXFileReference; fileEncoding = 4; lastKnownFileType = sourcecode.c.h; path = AZRReaderTab.h; sourceTree = "<group>"; };
		0A4F76361A80F50600963DF3 /* AZRReaderTab.m */ = {isa = PBXFileReference; fileEncoding = 4; lastKnownFileType = sourcecode.c.objc; path = AZRReaderTab.m; sourceTree = "<group>"; };
		0A4F76381A80F64600963DF3 /* WebKit.framework */ = {isa = PBXFileReference; lastKnownFileType = wrapper.framework; name = WebKit.framework; path = System/Library/Frameworks/WebKit.framework; sourceTree = SDKROOT; };
		0A595075197C370B00B9F60D /* AnkhReader.app */ = {isa = PBXFileReference; explicitFileType = wrapper.application; includeInIndex = 0; path = AnkhReader.app; sourceTree = BUILT_PRODUCTS_DIR; };
		0A595078197C370B00B9F60D /* Cocoa.framework */ = {isa = PBXFileReference; lastKnownFileType = wrapper.framework; name = Cocoa.framework; path = System/Library/Frameworks/Cocoa.framework; sourceTree = SDKROOT; };
		0A59507B197C370B00B9F60D /* AppKit.framework */ = {isa = PBXFileReference; lastKnownFileType = wrapper.framework; name = AppKit.framework; path = System/Library/Frameworks/AppKit.framework; sourceTree = SDKROOT; };
		0A59507C197C370B00B9F60D /* CoreData.framework */ = {isa = PBXFileReference; lastKnownFileType = wrapper.framework; name = CoreData.framework; path = System/Library/Frameworks/CoreData.framework; sourceTree = SDKROOT; };
		0A59507D197C370B00B9F60D /* Foundation.framework */ = {isa = PBXFileReference; lastKnownFileType = wrapper.framework; name = Foundation.framework; path = System/Library/Frameworks/Foundation.framework; sourceTree = SDKROOT; };
		0A595080197C370B00B9F60D /* AnkhReader-Info.plist */ = {isa = PBXFileReference; lastKnownFileType = text.plist.xml; path = "AnkhReader-Info.plist"; sourceTree = "<group>"; };
		0A595082197C370B00B9F60D /* en */ = {isa = PBXFileReference; lastKnownFileType = text.plist.strings; name = en; path = en.lproj/InfoPlist.strings; sourceTree = "<group>"; };
		0A595084197C370B00B9F60D /* main.m */ = {isa = PBXFileReference; lastKnownFileType = sourcecode.c.objc; path = main.m; sourceTree = "<group>"; };
		0A595086197C370B00B9F60D /* AnkhReader-Prefix.pch */ = {isa = PBXFileReference; lastKnownFileType = sourcecode.c.h; path = "AnkhReader-Prefix.pch"; sourceTree = "<group>"; };
		0A595088197C370B00B9F60D /* en */ = {isa = PBXFileReference; lastKnownFileType = text.rtf; name = en; path = en.lproj/Credits.rtf; sourceTree = "<group>"; };
		0A59508A197C370B00B9F60D /* AZRAppDelegate.h */ = {isa = PBXFileReference; lastKnownFileType = sourcecode.c.h; path = AZRAppDelegate.h; sourceTree = "<group>"; };
		0A59508B197C370B00B9F60D /* AZRAppDelegate.m */ = {isa = PBXFileReference; lastKnownFileType = sourcecode.c.objc; path = AZRAppDelegate.m; sourceTree = "<group>"; };
		0A59508E197C370C00B9F60D /* Base */ = {isa = PBXFileReference; lastKnownFileType = file.xib; name = Base; path = Base.lproj/MainMenu.xib; sourceTree = "<group>"; };
		0A595091197C370C00B9F60D /* AnkhReader.xcdatamodel */ = {isa = PBXFileReference; lastKnownFileType = wrapper.xcdatamodel; path = AnkhReader.xcdatamodel; sourceTree = "<group>"; };
		0A595093197C370C00B9F60D /* Images.xcassets */ = {isa = PBXFileReference; lastKnownFileType = folder.assetcatalog; path = Images.xcassets; sourceTree = "<group>"; };
		0A595099197C370C00B9F60D /* AnkhReaderTests.xctest */ = {isa = PBXFileReference; explicitFileType = wrapper.cfbundle; includeInIndex = 0; path = AnkhReaderTests.xctest; sourceTree = BUILT_PRODUCTS_DIR; };
		0A59509A197C370C00B9F60D /* XCTest.framework */ = {isa = PBXFileReference; lastKnownFileType = wrapper.framework; name = XCTest.framework; path = Library/Frameworks/XCTest.framework; sourceTree = DEVELOPER_DIR; };
		0A5950A1197C370C00B9F60D /* AnkhReaderTests-Info.plist */ = {isa = PBXFileReference; lastKnownFileType = text.plist.xml; path = "AnkhReaderTests-Info.plist"; sourceTree = "<group>"; };
		0A5950A3197C370C00B9F60D /* en */ = {isa = PBXFileReference; lastKnownFileType = text.plist.strings; name = en; path = en.lproj/InfoPlist.strings; sourceTree = "<group>"; };
		0A5950AF197C387000B9F60D /* AZDataProxyContainer.h */ = {isa = PBXFileReference; fileEncoding = 4; lastKnownFileType = sourcecode.c.h; path = AZDataProxyContainer.h; sourceTree = "<group>"; };
		0A5950B0197C387000B9F60D /* AZDataProxyContainer.m */ = {isa = PBXFileReference; fileEncoding = 4; lastKnownFileType = sourcecode.c.objc; path = AZDataProxyContainer.m; sourceTree = "<group>"; };
		0A5950B1197C387000B9F60D /* AZSynkEnabledStorage.h */ = {isa = PBXFileReference; fileEncoding = 4; lastKnownFileType = sourcecode.c.h; path = AZSynkEnabledStorage.h; sourceTree = "<group>"; };
		0A5950B2197C387000B9F60D /* AZSynkEnabledStorage.m */ = {isa = PBXFileReference; fileEncoding = 4; lastKnownFileType = sourcecode.c.objc; path = AZSynkEnabledStorage.m; sourceTree = "<group>"; };
		0A5950B5197C387000B9F60D /* DataProxy.h */ = {isa = PBXFileReference; fileEncoding = 4; lastKnownFileType = sourcecode.c.h; path = DataProxy.h; sourceTree = "<group>"; };
		0A5950B6197C387000B9F60D /* DataProxy.m */ = {isa = PBXFileReference; fileEncoding = 4; lastKnownFileType = sourcecode.c.objc; path = DataProxy.m; sourceTree = "<group>"; };
		0A5950C4197C42C400B9F60D /* AZRAPILayerSpec.m */ = {isa = PBXFileReference; fileEncoding = 4; lastKnownFileType = sourcecode.c.objc; path = AZRAPILayerSpec.m; sourceTree = "<group>"; };
		0A5950CA197C946900B9F60D /* AZRAuthorsDataSource.h */ = {isa = PBXFileReference; fileEncoding = 4; lastKnownFileType = sourcecode.c.h; path = AZRAuthorsDataSource.h; sourceTree = "<group>"; };
		0A5950CB197C946900B9F60D /* AZRAuthorsDataSource.m */ = {isa = PBXFileReference; fileEncoding = 4; lastKnownFileType = sourcecode.c.objc; path = AZRAuthorsDataSource.m; sourceTree = "<group>"; };
		0A5950CD197CA22700B9F60D /* AZRAuthorTableCellView.h */ = {isa = PBXFileReference; fileEncoding = 4; lastKnownFileType = sourcecode.c.h; path = AZRAuthorTableCellView.h; sourceTree = "<group>"; };
		0A5950CE197CA22700B9F60D /* AZRAuthorTableCellView.m */ = {isa = PBXFileReference; fileEncoding = 4; lastKnownFileType = sourcecode.c.objc; path = AZRAuthorTableCellView.m; sourceTree = "<group>"; };
		0A5950D2197CD9A400B9F60D /* AZRAuthor.h */ = {isa = PBXFileReference; fileEncoding = 4; lastKnownFileType = sourcecode.c.h; path = AZRAuthor.h; sourceTree = "<group>"; };
		0A5950D3197CD9A400B9F60D /* AZRAuthor.m */ = {isa = PBXFileReference; fileEncoding = 4; lastKnownFileType = sourcecode.c.objc; path = AZRAuthor.m; sourceTree = "<group>"; };
		0A6000361A1A24F100065890 /* AZRSyncedScrollView.h */ = {isa = PBXFileReference; fileEncoding = 4; lastKnownFileType = sourcecode.c.h; path = AZRSyncedScrollView.h; sourceTree = "<group>"; };
		0A6000371A1A24F100065890 /* AZRSyncedScrollView.m */ = {isa = PBXFileReference; fileEncoding = 4; lastKnownFileType = sourcecode.c.objc; path = AZRSyncedScrollView.m; sourceTree = "<group>"; };
		0A7A8666197D4A7300E80B98 /* AZRConfigurableTableCellView.h */ = {isa = PBXFileReference; fileEncoding = 4; lastKnownFileType = sourcecode.c.h; path = AZRConfigurableTableCellView.h; sourceTree = "<group>"; };
		0A7A8667197D4A7300E80B98 /* AZRConfigurableTableCellView.m */ = {isa = PBXFileReference; fileEncoding = 4; lastKnownFileType = sourcecode.c.objc; path = AZRConfigurableTableCellView.m; sourceTree = "<group>"; };
		0A7A8669197D4CE400E80B98 /* AZRUpdatesDataSource.h */ = {isa = PBXFileReference; fileEncoding = 4; lastKnownFileType = sourcecode.c.h; path = AZRUpdatesDataSource.h; sourceTree = "<group>"; };
		0A7A866A197D4CE400E80B98 /* AZRUpdatesDataSource.m */ = {isa = PBXFileReference; fileEncoding = 4; lastKnownFileType = sourcecode.c.objc; path = AZRUpdatesDataSource.m; sourceTree = "<group>"; };
		0A7A866C197D5A8C00E80B98 /* AZRUpdateTableCellView.h */ = {isa = PBXFileReference; fileEncoding = 4; lastKnownFileType = sourcecode.c.h; path = AZRUpdateTableCellView.h; sourceTree = "<group>"; };
		0A7A866D197D5A8C00E80B98 /* AZRUpdateTableCellView.m */ = {isa = PBXFileReference; fileEncoding = 4; lastKnownFileType = sourcecode.c.objc; path = AZRUpdateTableCellView.m; sourceTree = "<group>"; };
		0A7A866F197D5DAC00E80B98 /* AZRUpdate.h */ = {isa = PBXFileReference; fileEncoding = 4; lastKnownFileType = sourcecode.c.h; path = AZRUpdate.h; sourceTree = "<group>"; };
		0A7A8670197D5DAC00E80B98 /* AZRUpdate.m */ = {isa = PBXFileReference; fileEncoding = 4; lastKnownFileType = sourcecode.c.objc; path = AZRUpdate.m; sourceTree = "<group>"; };
		0A7A8672197D5E1A00E80B98 /* AZREntitiesRegistry.h */ = {isa = PBXFileReference; fileEncoding = 4; lastKnownFileType = sourcecode.c.h; path = AZREntitiesRegistry.h; sourceTree = "<group>"; };
		0A7A8673197D5E1A00E80B98 /* AZREntitiesRegistry.m */ = {isa = PBXFileReference; fileEncoding = 4; lastKnownFileType = sourcecode.c.objc; path = AZREntitiesRegistry.m; sourceTree = "<group>"; };
		0A7A8675197D5E8C00E80B98 /* AZREntity.h */ = {isa = PBXFileReference; fileEncoding = 4; lastKnownFileType = sourcecode.c.h; path = AZREntity.h; sourceTree = "<group>"; };
		0A7A8676197D5E8C00E80B98 /* AZREntity.m */ = {isa = PBXFileReference; fileEncoding = 4; lastKnownFileType = sourcecode.c.objc; path = AZREntity.m; sourceTree = "<group>"; };
		0A7A8679197D644B00E80B98 /* AZRPage.h */ = {isa = PBXFileReference; fileEncoding = 4; lastKnownFileType = sourcecode.c.h; path = AZRPage.h; sourceTree = "<group>"; };
		0A7A867A197D644B00E80B98 /* AZRPage.m */ = {isa = PBXFileReference; fileEncoding = 4; lastKnownFileType = sourcecode.c.objc; path = AZRPage.m; sourceTree = "<group>"; };
		0A7A867C197D647B00E80B98 /* AZRGroup.h */ = {isa = PBXFileReference; fileEncoding = 4; lastKnownFileType = sourcecode.c.h; path = AZRGroup.h; sourceTree = "<group>"; };
		0A7A867D197D647B00E80B98 /* AZRGroup.m */ = {isa = PBXFileReference; fileEncoding = 4; lastKnownFileType = sourcecode.c.objc; path = AZRGroup.m; sourceTree = "<group>"; };
		0A842C4B18E131BE00AC2701 /* AnkhReader 2.xcdatamodel */ = {isa = PBXFileReference; lastKnownFileType = wrapper.xcdatamodel; path = "AnkhReader 2.xcdatamodel"; sourceTree = "<group>"; };
		0AA05BB719E729A500962614 /* AZRAppCommons.h */ = {isa = PBXFileReference; lastKnownFileType = sourcecode.c.h; path = AZRAppCommons.h; sourceTree = "<group>"; };
		0AA05BBC19E7545800962614 /* AZRFlippedView.h */ = {isa = PBXFileReference; fileEncoding = 4; lastKnownFileType = sourcecode.c.h; path = AZRFlippedView.h; sourceTree = "<group>"; };
		0AA05BBD19E7545800962614 /* AZRFlippedView.m */ = {isa = PBXFileReference; fileEncoding = 4; lastKnownFileType = sourcecode.c.objc; path = AZRFlippedView.m; sourceTree = "<group>"; };
		0AAF33FE18E5E73300424B4C /* AZRUserAPI.h */ = {isa = PBXFileReference; fileEncoding = 4; lastKnownFileType = sourcecode.c.h; path = AZRUserAPI.h; sourceTree = "<group>"; };
		0AAF33FF18E5E73300424B4C /* AZRUserAPI.m */ = {isa = PBXFileReference; fileEncoding = 4; lastKnownFileType = sourcecode.c.objc; path = AZRUserAPI.m; sourceTree = "<group>"; };
		0AAF340118E5E74500424B4C /* AZRAuthorsAPI.h */ = {isa = PBXFileReference; fileEncoding = 4; lastKnownFileType = sourcecode.c.h; path = AZRAuthorsAPI.h; sourceTree = "<group>"; };
		0AAF340218E5E74500424B4C /* AZRAuthorsAPI.m */ = {isa = PBXFileReference; fileEncoding = 4; lastKnownFileType = sourcecode.c.objc; path = AZRAuthorsAPI.m; sourceTree = "<group>"; };
		0AAF341718E5F84800424B4C /* AZRLoginTab.h */ = {isa = PBXFileReference; fileEncoding = 4; lastKnownFileType = sourcecode.c.h; path = AZRLoginTab.h; sourceTree = "<group>"; };
		0AAF341818E5F84800424B4C /* AZRLoginTab.m */ = {isa = PBXFileReference; fileEncoding = 4; lastKnownFileType = sourcecode.c.objc; path = AZRLoginTab.m; sourceTree = "<group>"; };
		0AAF341A18E5F86500424B4C /* tabLogin.xib */ = {isa = PBXFileReference; fileEncoding = 4; lastKnownFileType = file.xib; path = tabLogin.xib; sourceTree = "<group>"; };
		0AAF341F18E604AD00424B4C /* AZRUpdatesAPI.h */ = {isa = PBXFileReference; fileEncoding = 4; lastKnownFileType = sourcecode.c.h; path = AZRUpdatesAPI.h; sourceTree = "<group>"; };
		0AAF342018E604AD00424B4C /* AZRUpdatesAPI.m */ = {isa = PBXFileReference; fileEncoding = 4; lastKnownFileType = sourcecode.c.objc; path = AZRUpdatesAPI.m; sourceTree = "<group>"; };
		0AAF342218E61ECC00424B4C /* AZRUser.h */ = {isa = PBXFileReference; fileEncoding = 4; lastKnownFileType = sourcecode.c.h; path = AZRUser.h; sourceTree = "<group>"; };
		0AAF342318E61ECC00424B4C /* AZRUser.m */ = {isa = PBXFileReference; fileEncoding = 4; lastKnownFileType = sourcecode.c.objc; path = AZRUser.m; sourceTree = "<group>"; };
		0AAF342518E697E700424B4C /* AZRPagesAPI.h */ = {isa = PBXFileReference; fileEncoding = 4; lastKnownFileType = sourcecode.c.h; path = AZRPagesAPI.h; sourceTree = "<group>"; };
		0AAF342618E697E700424B4C /* AZRPagesAPI.m */ = {isa = PBXFileReference; fileEncoding = 4; lastKnownFileType = sourcecode.c.objc; path = AZRPagesAPI.m; sourceTree = "<group>"; };
		0AAF342818E698B100424B4C /* AZREntities.h */ = {isa = PBXFileReference; lastKnownFileType = sourcecode.c.h; path = AZREntities.h; sourceTree = "<group>"; };
		0AAF342918E6A43D00424B4C /* AZRPageVersion.h */ = {isa = PBXFileReference; fileEncoding = 4; lastKnownFileType = sourcecode.c.h; path = AZRPageVersion.h; sourceTree = "<group>"; };
		0AAF342A18E6A43D00424B4C /* AZRPageVersion.m */ = {isa = PBXFileReference; fileEncoding = 4; lastKnownFileType = sourcecode.c.objc; path = AZRPageVersion.m; sourceTree = "<group>"; };
		0AAF342C18E6AC9B00424B4C /* AZRVersionsDataSource.h */ = {isa = PBXFileReference; fileEncoding = 4; lastKnownFileType = sourcecode.c.h; path = AZRVersionsDataSource.h; sourceTree = "<group>"; };
		0AAF342D18E6AC9B00424B4C /* AZRVersionsDataSource.m */ = {isa = PBXFileReference; fileEncoding = 4; lastKnownFileType = sourcecode.c.objc; path = AZRVersionsDataSource.m; sourceTree = "<group>"; };
		0AAF342F18E6B17600424B4C /* AZRVersionCellView.h */ = {isa = PBXFileReference; fileEncoding = 4; lastKnownFileType = sourcecode.c.h; path = AZRVersionCellView.h; sourceTree = "<group>"; };
		0AAF343018E6B17600424B4C /* AZRVersionCellView.m */ = {isa = PBXFileReference; fileEncoding = 4; lastKnownFileType = sourcecode.c.objc; path = AZRVersionCellView.m; sourceTree = "<group>"; };
		0AAF343218E6EA9C00424B4C /* tabPreferences.xib */ = {isa = PBXFileReference; fileEncoding = 4; lastKnownFileType = file.xib; path = tabPreferences.xib; sourceTree = "<group>"; };
		0AAF343418E6EBA200424B4C /* AZRPreferencesTab.h */ = {isa = PBXFileReference; fileEncoding = 4; lastKnownFileType = sourcecode.c.h; path = AZRPreferencesTab.h; sourceTree = "<group>"; };
		0AAF343518E6EBA200424B4C /* AZRPreferencesTab.m */ = {isa = PBXFileReference; fileEncoding = 4; lastKnownFileType = sourcecode.c.objc; path = AZRPreferencesTab.m; sourceTree = "<group>"; };
		0AB398B419ECA6E400BBE2F4 /* AZRTabsCommons.h */ = {isa = PBXFileReference; lastKnownFileType = sourcecode.c.h; path = AZRTabsCommons.h; sourceTree = "<group>"; };
		0ACFF9B61A1E29020086B104 /* AZRAuthor+AnkhUtils.h */ = {isa = PBXFileReference; fileEncoding = 4; lastKnownFileType = sourcecode.c.h; path = "AZRAuthor+AnkhUtils.h"; sourceTree = "<group>"; };
		0ACFF9B71A1E29020086B104 /* AZRAuthor+AnkhUtils.m */ = {isa = PBXFileReference; fileEncoding = 4; lastKnownFileType = sourcecode.c.objc; path = "AZRAuthor+AnkhUtils.m"; sourceTree = "<group>"; };
		0ACFF9B91A1E30860086B104 /* AnkhReader 3.xcdatamodel */ = {isa = PBXFileReference; lastKnownFileType = wrapper.xcdatamodel; path = "AnkhReader 3.xcdatamodel"; sourceTree = "<group>"; };
		0ACFF9BA1A1E39480086B104 /* AZRAnkhAPI.h */ = {isa = PBXFileReference; fileEncoding = 4; lastKnownFileType = sourcecode.c.h; path = AZRAnkhAPI.h; sourceTree = "<group>"; };
		0ACFF9BB1A1E39480086B104 /* AZRAnkhAPI.m */ = {isa = PBXFileReference; fileEncoding = 4; lastKnownFileType = sourcecode.c.objc; path = AZRAnkhAPI.m; sourceTree = "<group>"; };
		0AF1C0CE197DE7B600798532 /* AZRGroupTableCellView.h */ = {isa = PBXFileReference; fileEncoding = 4; lastKnownFileType = sourcecode.c.h; path = AZRGroupTableCellView.h; sourceTree = "<group>"; };
		0AF1C0CF197DE7B600798532 /* AZRGroupTableCellView.m */ = {isa = PBXFileReference; fileEncoding = 4; lastKnownFileType = sourcecode.c.objc; path = AZRGroupTableCellView.m; sourceTree = "<group>"; };
		0AFC9E2418E220520050C53F /* tabVersions.xib */ = {isa = PBXFileReference; fileEncoding = 4; lastKnownFileType = file.xib; path = tabVersions.xib; sourceTree = "<group>"; };
		21C8C4FB766A48C09D5DA8C2 /* libPods-AnkhReaderTests.a */ = {isa = PBXFileReference; explicitFileType = archive.ar; includeInIndex = 0; path = "libPods-AnkhReaderTests.a"; sourceTree = BUILT_PRODUCTS_DIR; };
		D4CB68AF673C42F6BC57ADF4 /* Pods-AnkhReaderTests.xcconfig */ = {isa = PBXFileReference; includeInIndex = 1; lastKnownFileType = text.xcconfig; name = "Pods-AnkhReaderTests.xcconfig"; path = "Pods/Pods-AnkhReaderTests.xcconfig"; sourceTree = "<group>"; };
/* End PBXFileReference section */

/* Begin PBXFrameworksBuildPhase section */
		0A595072197C370B00B9F60D /* Frameworks */ = {
			isa = PBXFrameworksBuildPhase;
			buildActionMask = 2147483647;
			files = (
				0A595079197C370B00B9F60D /* Cocoa.framework in Frameworks */,
				0A4F76161A80DA3600963DF3 /* libxml2.2.dylib in Frameworks */,
				0A4F76391A80F64600963DF3 /* WebKit.framework in Frameworks */,
			);
			runOnlyForDeploymentPostprocessing = 0;
		};
		0A595096197C370C00B9F60D /* Frameworks */ = {
			isa = PBXFrameworksBuildPhase;
			buildActionMask = 2147483647;
			files = (
				0A59509C197C370C00B9F60D /* Cocoa.framework in Frameworks */,
				0A59509B197C370C00B9F60D /* XCTest.framework in Frameworks */,
				859295A3066B427A83AC8650 /* libPods-AnkhReaderTests.a in Frameworks */,
			);
			runOnlyForDeploymentPostprocessing = 0;
		};
/* End PBXFrameworksBuildPhase section */

/* Begin PBXGroup section */
		0A272C8218E20326008070DE /* UI */ = {
			isa = PBXGroup;
			children = (
				0A92F9FC19E7120400ABA57A /* Views */,
				0A7A8665197D4A5200E80B98 /* Table views */,
				0A40065318E36FAF00746C2D /* Tabs */,
			);
			name = UI;
			sourceTree = "<group>";
		};
		0A40065318E36FAF00746C2D /* Tabs */ = {
			isa = PBXGroup;
			children = (
				0A4F75D31A80D9C600963DF3 /* UITabs */,
				0AB398B419ECA6E400BBE2F4 /* AZRTabsCommons.h */,
				0AAF341718E5F84800424B4C /* AZRLoginTab.h */,
				0AAF341818E5F84800424B4C /* AZRLoginTab.m */,
				0A40065018E36FA600746C2D /* AZRUpdatesTab.h */,
				0A40065118E36FA600746C2D /* AZRUpdatesTab.m */,
				0A40065718E376F200746C2D /* AZRVersionsTab.h */,
				0A40065818E376F200746C2D /* AZRVersionsTab.m */,
				0AAF343418E6EBA200424B4C /* AZRPreferencesTab.h */,
				0AAF343518E6EBA200424B4C /* AZRPreferencesTab.m */,
				0A4F76351A80F50600963DF3 /* AZRReaderTab.h */,
				0A4F76361A80F50600963DF3 /* AZRReaderTab.m */,
			);
			name = Tabs;
			sourceTree = "<group>";
		};
		0A4F75D31A80D9C600963DF3 /* UITabs */ = {
			isa = PBXGroup;
			children = (
				0A4F75D41A80D9C600963DF3 /* AZAlertSheet.h */,
				0A4F75D51A80D9C600963DF3 /* AZAlertSheet.m */,
				0A4F75D61A80D9C600963DF3 /* AZAlertSheet.xib */,
				0A4F75D71A80D9C600963DF3 /* AZCaseUnsencitiveComboBoxCell.h */,
				0A4F75D81A80D9C600963DF3 /* AZCaseUnsencitiveComboBoxCell.m */,
				0A4F75D91A80D9C600963DF3 /* AZCollapsingView.h */,
				0A4F75DA1A80D9C600963DF3 /* AZCollapsingView.m */,
				0A4F75DB1A80D9C600963DF3 /* AZDelayableAction.h */,
				0A4F75DC1A80D9C600963DF3 /* AZDelayableAction.m */,
				0A4F75DD1A80D9C600963DF3 /* AZFlippedView.h */,
				0A4F75DE1A80D9C600963DF3 /* AZFlippedView.m */,
				0A4F75DF1A80D9C600963DF3 /* AZSheetWindowController.h */,
				0A4F75E01A80D9C600963DF3 /* AZSheetWindowController.m */,
				0A4F75E11A80D9C600963DF3 /* AZSyncedScrollView.h */,
				0A4F75E21A80D9C600963DF3 /* AZSyncedScrollView.m */,
				0A4F75E31A80D9C600963DF3 /* AZTabProvider.h */,
				0A4F75E41A80D9C600963DF3 /* AZTabProvider.m */,
				0A4F75E51A80D9C600963DF3 /* AZTabsCommons.h */,
				0A4F75E61A80D9C600963DF3 /* AZTabsGroup.h */,
				0A4F75E71A80D9C600963DF3 /* AZTabsGroup.m */,
			);
			name = UITabs;
			path = ../../CommonAPIs/UITabs;
			sourceTree = "<group>";
		};
		0A4F75F21A80D9F500963DF3 /* ClientAPICore */ = {
			isa = PBXGroup;
			children = (
				0A4F75F31A80D9F500963DF3 /* AZAPIProvider.h */,
				0A4F75F41A80D9F500963DF3 /* AZAPIProvider.m */,
				0A4F75F51A80D9F500963DF3 /* AZClientAPI.h */,
				0A4F75F61A80D9F500963DF3 /* AZClientAPI.m */,
				0A4F75F71A80D9F500963DF3 /* AZClientAPICore.h */,
				0A4F75F81A80D9F500963DF3 /* Hpple */,
				0A4F75FF1A80D9F500963DF3 /* HTTPRequests */,
			);
			name = ClientAPICore;
			path = ../../CommonAPIs/ClientAPICore;
			sourceTree = "<group>";
		};
		0A4F75F81A80D9F500963DF3 /* Hpple */ = {
			isa = PBXGroup;
			children = (
				0A4F75F91A80D9F500963DF3 /* TFHpple.h */,
				0A4F75FA1A80D9F500963DF3 /* TFHpple.m */,
				0A4F75FB1A80D9F500963DF3 /* TFHppleElement.h */,
				0A4F75FC1A80D9F500963DF3 /* TFHppleElement.m */,
				0A4F75FD1A80D9F500963DF3 /* XPathQuery.h */,
				0A4F75FE1A80D9F500963DF3 /* XPathQuery.m */,
			);
			path = Hpple;
			sourceTree = "<group>";
		};
		0A4F75FF1A80D9F500963DF3 /* HTTPRequests */ = {
			isa = PBXGroup;
			children = (
				0A4F76001A80D9F500963DF3 /* AZHTMLRequest.h */,
				0A4F76011A80D9F500963DF3 /* AZHTMLRequest.m */,
				0A4F76021A80D9F500963DF3 /* AZHTTPRequest.h */,
				0A4F76031A80D9F500963DF3 /* AZHTTPRequest.m */,
				0A4F76041A80D9F500963DF3 /* JSON */,
			);
			path = HTTPRequests;
			sourceTree = "<group>";
		};
		0A4F76041A80D9F500963DF3 /* JSON */ = {
			isa = PBXGroup;
			children = (
				0A4F76051A80D9F500963DF3 /* AZJSONAPI.h */,
				0A4F76061A80D9F500963DF3 /* AZJSONAPI.m */,
				0A4F76071A80D9F500963DF3 /* AZJSONRequest.h */,
				0A4F76081A80D9F500963DF3 /* AZJSONRequest.m */,
				0A4F76091A80D9F500963DF3 /* AZJSONUtils.h */,
				0A4F760A1A80D9F500963DF3 /* AZJSONUtils.m */,
			);
			path = JSON;
			sourceTree = "<group>";
		};
		0A4F761A1A80DE2D00963DF3 /* Utils */ = {
			isa = PBXGroup;
			children = (
				0A4F761B1A80DE2D00963DF3 /* AZMultipleTargetDelegate.h */,
				0A4F761C1A80DE2D00963DF3 /* AZMultipleTargetDelegate.m */,
				0A4F761D1A80DE2D00963DF3 /* AZUtils.h */,
				0A4F761E1A80DE2D00963DF3 /* AZUtils.m */,
				0A4F761F1A80DE2D00963DF3 /* NSArray+AnkhUtils.h */,
				0A4F76201A80DE2D00963DF3 /* NSArray+AnkhUtils.m */,
				0A4F76211A80DE2D00963DF3 /* NSColor+AnkhColors.h */,
				0A4F76221A80DE2D00963DF3 /* NSColor+AnkhColors.m */,
				0A4F76231A80DE2D00963DF3 /* NSString+AnkhUtils.h */,
				0A4F76241A80DE2D00963DF3 /* NSString+AnkhUtils.m */,
				0A4F76251A80DE2D00963DF3 /* NSURL+AnkhUtils.h */,
				0A4F76261A80DE2D00963DF3 /* NSURL+AnkhUtils.m */,
				0A4F76271A80DE2D00963DF3 /* NSUserDefaults+AnkhUtils.h */,
				0A4F76281A80DE2D00963DF3 /* NSUserDefaults+AnkhUtils.m */,
				0A4F76291A80DE2D00963DF3 /* NSView+AnkhUtils.h */,
				0A4F762A1A80DE2D00963DF3 /* NSView+AnkhUtils.m */,
			);
			name = Utils;
			path = ../../CommonAPIs/Utils;
			sourceTree = "<group>";
		};
		0A59506C197C370B00B9F60D = {
			isa = PBXGroup;
			children = (
				0A59507E197C370B00B9F60D /* AnkhReader */,
				0A59509F197C370C00B9F60D /* AnkhReaderTests */,
				0A595077197C370B00B9F60D /* Frameworks */,
				0A595076197C370B00B9F60D /* Products */,
				D4CB68AF673C42F6BC57ADF4 /* Pods-AnkhReaderTests.xcconfig */,
			);
			sourceTree = "<group>";
		};
		0A595076197C370B00B9F60D /* Products */ = {
			isa = PBXGroup;
			children = (
				0A595075197C370B00B9F60D /* AnkhReader.app */,
				0A595099197C370C00B9F60D /* AnkhReaderTests.xctest */,
			);
			name = Products;
			sourceTree = "<group>";
		};
		0A595077197C370B00B9F60D /* Frameworks */ = {
			isa = PBXGroup;
			children = (
				0A4F76381A80F64600963DF3 /* WebKit.framework */,
				0A4F76151A80DA3600963DF3 /* libxml2.2.dylib */,
				0A595078197C370B00B9F60D /* Cocoa.framework */,
				0A59509A197C370C00B9F60D /* XCTest.framework */,
				0A59507A197C370B00B9F60D /* Other Frameworks */,
				21C8C4FB766A48C09D5DA8C2 /* libPods-AnkhReaderTests.a */,
			);
			name = Frameworks;
			sourceTree = "<group>";
		};
		0A59507A197C370B00B9F60D /* Other Frameworks */ = {
			isa = PBXGroup;
			children = (
				0A59507B197C370B00B9F60D /* AppKit.framework */,
				0A59507C197C370B00B9F60D /* CoreData.framework */,
				0A59507D197C370B00B9F60D /* Foundation.framework */,
			);
			name = "Other Frameworks";
			sourceTree = "<group>";
		};
		0A59507E197C370B00B9F60D /* AnkhReader */ = {
			isa = PBXGroup;
			children = (
				0AA05BB719E729A500962614 /* AZRAppCommons.h */,
				0A4F76171A80DBB300963DF3 /* AZAppDelegate.h */,
				0A4F76181A80DBB300963DF3 /* AZAppDelegate.m */,
				0A59508A197C370B00B9F60D /* AZRAppDelegate.h */,
				0A59508B197C370B00B9F60D /* AZRAppDelegate.m */,
				0A4F761A1A80DE2D00963DF3 /* Utils */,
				0A272C8218E20326008070DE /* UI */,
				0A4F75F21A80D9F500963DF3 /* ClientAPICore */,
				0A92F9FD19E7123A00ABA57A /* AnkhZet Behavioral */,
				0A92F9FB19E711E800ABA57A /* Data storages */,
				0A595093197C370C00B9F60D /* Images.xcassets */,
				0A59507F197C370B00B9F60D /* Supporting Files */,
			);
			path = AnkhReader;
			sourceTree = "<group>";
		};
		0A59507F197C370B00B9F60D /* Supporting Files */ = {
			isa = PBXGroup;
			children = (
				0A347F8A197E0CE9009B02D5 /* fav32.ico */,
				0A595080197C370B00B9F60D /* AnkhReader-Info.plist */,
				0A595081197C370B00B9F60D /* InfoPlist.strings */,
				0A595084197C370B00B9F60D /* main.m */,
				0A595086197C370B00B9F60D /* AnkhReader-Prefix.pch */,
				0A595087197C370B00B9F60D /* Credits.rtf */,
			);
			name = "Supporting Files";
			sourceTree = "<group>";
		};
		0A59509F197C370C00B9F60D /* AnkhReaderTests */ = {
			isa = PBXGroup;
			children = (
				0A5950C4197C42C400B9F60D /* AZRAPILayerSpec.m */,
				0A5950A0197C370C00B9F60D /* Supporting Files */,
			);
			path = AnkhReaderTests;
			sourceTree = "<group>";
		};
		0A5950A0197C370C00B9F60D /* Supporting Files */ = {
			isa = PBXGroup;
			children = (
				0A5950A1197C370C00B9F60D /* AnkhReaderTests-Info.plist */,
				0A5950A2197C370C00B9F60D /* InfoPlist.strings */,
			);
			name = "Supporting Files";
			sourceTree = "<group>";
		};
		0A5950BB197C387600B9F60D /* Core Data stack */ = {
			isa = PBXGroup;
			children = (
				0A5950AF197C387000B9F60D /* AZDataProxyContainer.h */,
				0A5950B0197C387000B9F60D /* AZDataProxyContainer.m */,
				0A5950B1197C387000B9F60D /* AZSynkEnabledStorage.h */,
				0A5950B2197C387000B9F60D /* AZSynkEnabledStorage.m */,
				0A5950B5197C387000B9F60D /* DataProxy.h */,
				0A5950B6197C387000B9F60D /* DataProxy.m */,
			);
			name = "Core Data stack";
			sourceTree = "<group>";
		};
		0A5950D5197CD9AD00B9F60D /* AnkhZet Entities */ = {
			isa = PBXGroup;
			children = (
				0AAF342818E698B100424B4C /* AZREntities.h */,
				0A7A8672197D5E1A00E80B98 /* AZREntitiesRegistry.h */,
				0A7A8673197D5E1A00E80B98 /* AZREntitiesRegistry.m */,
				0A7A8675197D5E8C00E80B98 /* AZREntity.h */,
				0A7A8676197D5E8C00E80B98 /* AZREntity.m */,
				0A7A8678197D5F7100E80B98 /* Specific */,
			);
			name = "AnkhZet Entities";
			sourceTree = "<group>";
		};
		0A7A8665197D4A5200E80B98 /* Table views */ = {
			isa = PBXGroup;
			children = (
				0A5950CA197C946900B9F60D /* AZRAuthorsDataSource.h */,
				0A5950CB197C946900B9F60D /* AZRAuthorsDataSource.m */,
				0A7A8669197D4CE400E80B98 /* AZRUpdatesDataSource.h */,
				0A7A866A197D4CE400E80B98 /* AZRUpdatesDataSource.m */,
				0AAF342C18E6AC9B00424B4C /* AZRVersionsDataSource.h */,
				0AAF342D18E6AC9B00424B4C /* AZRVersionsDataSource.m */,
				0AF1C0D1197DE80B00798532 /* Table cells */,
			);
			name = "Table views";
			sourceTree = "<group>";
		};
		0A7A8678197D5F7100E80B98 /* Specific */ = {
			isa = PBXGroup;
			children = (
				0AAF342218E61ECC00424B4C /* AZRUser.h */,
				0AAF342318E61ECC00424B4C /* AZRUser.m */,
				0A5950D2197CD9A400B9F60D /* AZRAuthor.h */,
				0A5950D3197CD9A400B9F60D /* AZRAuthor.m */,
				0ACFF9B61A1E29020086B104 /* AZRAuthor+AnkhUtils.h */,
				0ACFF9B71A1E29020086B104 /* AZRAuthor+AnkhUtils.m */,
				0A7A8679197D644B00E80B98 /* AZRPage.h */,
				0A7A867A197D644B00E80B98 /* AZRPage.m */,
				0AAF342918E6A43D00424B4C /* AZRPageVersion.h */,
				0AAF342A18E6A43D00424B4C /* AZRPageVersion.m */,
				0A7A867C197D647B00E80B98 /* AZRGroup.h */,
				0A7A867D197D647B00E80B98 /* AZRGroup.m */,
				0A7A866F197D5DAC00E80B98 /* AZRUpdate.h */,
				0A7A8670197D5DAC00E80B98 /* AZRUpdate.m */,
			);
			name = Specific;
			sourceTree = "<group>";
		};
		0A92F9FB19E711E800ABA57A /* Data storages */ = {
			isa = PBXGroup;
			children = (
				0A595090197C370C00B9F60D /* AnkhReader.xcdatamodeld */,
				0A5950BB197C387600B9F60D /* Core Data stack */,
			);
			name = "Data storages";
			sourceTree = "<group>";
		};
		0A92F9FC19E7120400ABA57A /* Views */ = {
			isa = PBXGroup;
			children = (
				0A59508D197C370C00B9F60D /* MainMenu.xib */,
				0AAF341A18E5F86500424B4C /* tabLogin.xib */,
				0A272C8318E2035F008070DE /* tabUpdates.xib */,
				0AFC9E2418E220520050C53F /* tabVersions.xib */,
				0AAF343218E6EA9C00424B4C /* tabPreferences.xib */,
				0A4F76331A80F4E500963DF3 /* tabReader.xib */,
				0A6000361A1A24F100065890 /* AZRSyncedScrollView.h */,
				0A6000371A1A24F100065890 /* AZRSyncedScrollView.m */,
				0AA05BBC19E7545800962614 /* AZRFlippedView.h */,
				0AA05BBD19E7545800962614 /* AZRFlippedView.m */,
			);
			name = Views;
			sourceTree = "<group>";
		};
		0A92F9FD19E7123A00ABA57A /* AnkhZet Behavioral */ = {
			isa = PBXGroup;
			children = (
				0AAF33FD18E5E71300424B4C /* Actions */,
				0A5950D5197CD9AD00B9F60D /* AnkhZet Entities */,
			);
			name = "AnkhZet Behavioral";
			sourceTree = "<group>";
		};
		0AAF33FD18E5E71300424B4C /* Actions */ = {
			isa = PBXGroup;
			children = (
				0ACFF9BA1A1E39480086B104 /* AZRAnkhAPI.h */,
				0ACFF9BB1A1E39480086B104 /* AZRAnkhAPI.m */,
				0AAF33FE18E5E73300424B4C /* AZRUserAPI.h */,
				0AAF33FF18E5E73300424B4C /* AZRUserAPI.m */,
				0AAF340118E5E74500424B4C /* AZRAuthorsAPI.h */,
				0AAF340218E5E74500424B4C /* AZRAuthorsAPI.m */,
				0AAF342518E697E700424B4C /* AZRPagesAPI.h */,
				0AAF342618E697E700424B4C /* AZRPagesAPI.m */,
				0AAF341F18E604AD00424B4C /* AZRUpdatesAPI.h */,
				0AAF342018E604AD00424B4C /* AZRUpdatesAPI.m */,
			);
			name = Actions;
			sourceTree = "<group>";
		};
		0AF1C0D1197DE80B00798532 /* Table cells */ = {
			isa = PBXGroup;
			children = (
				0A7A8666197D4A7300E80B98 /* AZRConfigurableTableCellView.h */,
				0A7A8667197D4A7300E80B98 /* AZRConfigurableTableCellView.m */,
				0A5950CD197CA22700B9F60D /* AZRAuthorTableCellView.h */,
				0A5950CE197CA22700B9F60D /* AZRAuthorTableCellView.m */,
				0AF1C0CE197DE7B600798532 /* AZRGroupTableCellView.h */,
				0AF1C0CF197DE7B600798532 /* AZRGroupTableCellView.m */,
				0A7A866C197D5A8C00E80B98 /* AZRUpdateTableCellView.h */,
				0A7A866D197D5A8C00E80B98 /* AZRUpdateTableCellView.m */,
				0A347F81197DFCC1009B02D5 /* AZRHeaderCellView.h */,
				0A347F82197DFCC1009B02D5 /* AZRHeaderCellView.m */,
				0AAF342F18E6B17600424B4C /* AZRVersionCellView.h */,
				0AAF343018E6B17600424B4C /* AZRVersionCellView.m */,
			);
			name = "Table cells";
			sourceTree = "<group>";
		};
/* End PBXGroup section */

/* Begin PBXNativeTarget section */
		0A595074197C370B00B9F60D /* AnkhReader */ = {
			isa = PBXNativeTarget;
			buildConfigurationList = 0A5950A9197C370C00B9F60D /* Build configuration list for PBXNativeTarget "AnkhReader" */;
			buildPhases = (
				0A595071197C370B00B9F60D /* Sources */,
				0A595072197C370B00B9F60D /* Frameworks */,
				0A595073197C370B00B9F60D /* Resources */,
			);
			buildRules = (
			);
			dependencies = (
			);
			name = AnkhReader;
			productName = AnkhReader;
			productReference = 0A595075197C370B00B9F60D /* AnkhReader.app */;
			productType = "com.apple.product-type.application";
		};
		0A595098197C370C00B9F60D /* AnkhReaderTests */ = {
			isa = PBXNativeTarget;
			buildConfigurationList = 0A5950AC197C370C00B9F60D /* Build configuration list for PBXNativeTarget "AnkhReaderTests" */;
			buildPhases = (
				DAC7DC4AF97C46DE83D80090 /* Check Pods Manifest.lock */,
				0A595095197C370C00B9F60D /* Sources */,
				0A595096197C370C00B9F60D /* Frameworks */,
				0A595097197C370C00B9F60D /* Resources */,
				CC8F89D04CAE4B2D8BAE1188 /* Copy Pods Resources */,
			);
			buildRules = (
			);
			dependencies = (
				0A59509E197C370C00B9F60D /* PBXTargetDependency */,
			);
			name = AnkhReaderTests;
			productName = AnkhReaderTests;
			productReference = 0A595099197C370C00B9F60D /* AnkhReaderTests.xctest */;
			productType = "com.apple.product-type.bundle.unit-test";
		};
/* End PBXNativeTarget section */

/* Begin PBXProject section */
		0A59506D197C370B00B9F60D /* Project object */ = {
			isa = PBXProject;
			attributes = {
				CLASSPREFIX = AZR;
				LastUpgradeCheck = 0500;
				ORGANIZATIONNAME = Ankh;
				TargetAttributes = {
					0A595098197C370C00B9F60D = {
						TestTargetID = 0A595074197C370B00B9F60D;
					};
				};
			};
			buildConfigurationList = 0A595070197C370B00B9F60D /* Build configuration list for PBXProject "AnkhReader" */;
			compatibilityVersion = "Xcode 3.2";
			developmentRegion = English;
			hasScannedForEncodings = 0;
			knownRegions = (
				en,
				Base,
			);
			mainGroup = 0A59506C197C370B00B9F60D;
			productRefGroup = 0A595076197C370B00B9F60D /* Products */;
			projectDirPath = "";
			projectRoot = "";
			targets = (
				0A595074197C370B00B9F60D /* AnkhReader */,
				0A595098197C370C00B9F60D /* AnkhReaderTests */,
			);
		};
/* End PBXProject section */

/* Begin PBXResourcesBuildPhase section */
		0A595073197C370B00B9F60D /* Resources */ = {
			isa = PBXResourcesBuildPhase;
			buildActionMask = 2147483647;
			files = (
				0A347F8B197E0CE9009B02D5 /* fav32.ico in Resources */,
				0A4F75E91A80D9C600963DF3 /* AZAlertSheet.xib in Resources */,
				0A595083197C370B00B9F60D /* InfoPlist.strings in Resources */,
				0A595094197C370C00B9F60D /* Images.xcassets in Resources */,
				0AAF343318E6EA9C00424B4C /* tabPreferences.xib in Resources */,
				0A595089197C370B00B9F60D /* Credits.rtf in Resources */,
				0A272C8418E2035F008070DE /* tabUpdates.xib in Resources */,
				0A4F76341A80F4E500963DF3 /* tabReader.xib in Resources */,
				0AAF341B18E5F86500424B4C /* tabLogin.xib in Resources */,
				0AFC9E2518E220520050C53F /* tabVersions.xib in Resources */,
				0A59508F197C370C00B9F60D /* MainMenu.xib in Resources */,
			);
			runOnlyForDeploymentPostprocessing = 0;
		};
		0A595097197C370C00B9F60D /* Resources */ = {
			isa = PBXResourcesBuildPhase;
			buildActionMask = 2147483647;
			files = (
				0A5950A4197C370C00B9F60D /* InfoPlist.strings in Resources */,
			);
			runOnlyForDeploymentPostprocessing = 0;
		};
/* End PBXResourcesBuildPhase section */

/* Begin PBXShellScriptBuildPhase section */
		CC8F89D04CAE4B2D8BAE1188 /* Copy Pods Resources */ = {
			isa = PBXShellScriptBuildPhase;
			buildActionMask = 2147483647;
			files = (
			);
			inputPaths = (
			);
			name = "Copy Pods Resources";
			outputPaths = (
			);
			runOnlyForDeploymentPostprocessing = 0;
			shellPath = /bin/sh;
			shellScript = "\"${SRCROOT}/Pods/Pods-AnkhReaderTests-resources.sh\"\n";
			showEnvVarsInLog = 0;
		};
		DAC7DC4AF97C46DE83D80090 /* Check Pods Manifest.lock */ = {
			isa = PBXShellScriptBuildPhase;
			buildActionMask = 2147483647;
			files = (
			);
			inputPaths = (
			);
			name = "Check Pods Manifest.lock";
			outputPaths = (
			);
			runOnlyForDeploymentPostprocessing = 0;
			shellPath = /bin/sh;
			shellScript = "diff \"${PODS_ROOT}/../Podfile.lock\" \"${PODS_ROOT}/Manifest.lock\" > /dev/null\nif [[ $? != 0 ]] ; then\n    cat << EOM\nerror: The sandbox is not in sync with the Podfile.lock. Run 'pod install' or update your CocoaPods installation.\nEOM\n    exit 1\nfi\n";
			showEnvVarsInLog = 0;
		};
/* End PBXShellScriptBuildPhase section */

/* Begin PBXSourcesBuildPhase section */
		0A595071197C370B00B9F60D /* Sources */ = {
			isa = PBXSourcesBuildPhase;
			buildActionMask = 2147483647;
			files = (
				0A4F76371A80F50600963DF3 /* AZRReaderTab.m in Sources */,
				0A4F75EF1A80D9C600963DF3 /* AZSyncedScrollView.m in Sources */,
				0A4F75ED1A80D9C600963DF3 /* AZFlippedView.m in Sources */,
				0A4F75E81A80D9C600963DF3 /* AZAlertSheet.m in Sources */,
				0A4F762C1A80DE2D00963DF3 /* AZUtils.m in Sources */,
				0A4F76301A80DE2D00963DF3 /* NSURL+AnkhUtils.m in Sources */,
				0A4F75EE1A80D9C600963DF3 /* AZSheetWindowController.m in Sources */,
				0AAF340318E5E74500424B4C /* AZRAuthorsAPI.m in Sources */,
				0AAF342B18E6A43D00424B4C /* AZRPageVersion.m in Sources */,
				0AAF342118E604AD00424B4C /* AZRUpdatesAPI.m in Sources */,
				0A4F76321A80DE2D00963DF3 /* NSView+AnkhUtils.m in Sources */,
				0A7A8668197D4A7300E80B98 /* AZRConfigurableTableCellView.m in Sources */,
				0A40065918E376F200746C2D /* AZRVersionsTab.m in Sources */,
				0AA05BBE19E7545800962614 /* AZRFlippedView.m in Sources */,
				0ACFF9BC1A1E39480086B104 /* AZRAnkhAPI.m in Sources */,
				0A4F75F11A80D9C600963DF3 /* AZTabsGroup.m in Sources */,
				0A4F76191A80DBB300963DF3 /* AZAppDelegate.m in Sources */,
				0A5950B8197C387000B9F60D /* AZSynkEnabledStorage.m in Sources */,
				0A4F760E1A80D9F500963DF3 /* TFHppleElement.m in Sources */,
				0A7A867B197D644B00E80B98 /* AZRPage.m in Sources */,
				0A4F762F1A80DE2D00963DF3 /* NSString+AnkhUtils.m in Sources */,
				0A4F75EA1A80D9C600963DF3 /* AZCaseUnsencitiveComboBoxCell.m in Sources */,
				0A5950CF197CA22700B9F60D /* AZRAuthorTableCellView.m in Sources */,
				0A7A8674197D5E1A00E80B98 /* AZREntitiesRegistry.m in Sources */,
				0AF1C0D0197DE7B600798532 /* AZRGroupTableCellView.m in Sources */,
				0A4F75EB1A80D9C600963DF3 /* AZCollapsingView.m in Sources */,
				0A4F75EC1A80D9C600963DF3 /* AZDelayableAction.m in Sources */,
				0A4F762B1A80DE2D00963DF3 /* AZMultipleTargetDelegate.m in Sources */,
				0A59508C197C370B00B9F60D /* AZRAppDelegate.m in Sources */,
				0A4F760B1A80D9F500963DF3 /* AZAPIProvider.m in Sources */,
				0A5950BA197C387000B9F60D /* DataProxy.m in Sources */,
				0AAF342718E697E700424B4C /* AZRPagesAPI.m in Sources */,
				0A4F76111A80D9F500963DF3 /* AZHTTPRequest.m in Sources */,
				0AAF341918E5F84800424B4C /* AZRLoginTab.m in Sources */,
				0A4F760C1A80D9F500963DF3 /* AZClientAPI.m in Sources */,
				0A7A8671197D5DAC00E80B98 /* AZRUpdate.m in Sources */,
				0A7A8677197D5E8C00E80B98 /* AZREntity.m in Sources */,
				0A5950D4197CD9A400B9F60D /* AZRAuthor.m in Sources */,
				0A7A866B197D4CE400E80B98 /* AZRUpdatesDataSource.m in Sources */,
				0AAF340018E5E73300424B4C /* AZRUserAPI.m in Sources */,
				0A4F76141A80D9F500963DF3 /* AZJSONUtils.m in Sources */,
				0AAF342E18E6AC9B00424B4C /* AZRVersionsDataSource.m in Sources */,
				0A4F762D1A80DE2D00963DF3 /* NSArray+AnkhUtils.m in Sources */,
				0A4F76101A80D9F500963DF3 /* AZHTMLRequest.m in Sources */,
				0AAF343618E6EBA200424B4C /* AZRPreferencesTab.m in Sources */,
				0A595092197C370C00B9F60D /* AnkhReader.xcdatamodeld in Sources */,
				0A4F760F1A80D9F500963DF3 /* XPathQuery.m in Sources */,
				0A595085197C370B00B9F60D /* main.m in Sources */,
				0A347F83197DFCC1009B02D5 /* AZRHeaderCellView.m in Sources */,
				0A40065218E36FA600746C2D /* AZRUpdatesTab.m in Sources */,
				0A5950CC197C946900B9F60D /* AZRAuthorsDataSource.m in Sources */,
				0A7A866E197D5A8C00E80B98 /* AZRUpdateTableCellView.m in Sources */,
				0AAF342418E61ECC00424B4C /* AZRUser.m in Sources */,
				0A6000381A1A24F100065890 /* AZRSyncedScrollView.m in Sources */,
				0A4F762E1A80DE2D00963DF3 /* NSColor+AnkhColors.m in Sources */,
				0A5950B7197C387000B9F60D /* AZDataProxyContainer.m in Sources */,
				0AAF343118E6B17600424B4C /* AZRVersionCellView.m in Sources */,
				0A4F76131A80D9F500963DF3 /* AZJSONRequest.m in Sources */,
				0A7A867E197D647B00E80B98 /* AZRGroup.m in Sources */,
				0A4F76311A80DE2D00963DF3 /* NSUserDefaults+AnkhUtils.m in Sources */,
				0ACFF9B81A1E29020086B104 /* AZRAuthor+AnkhUtils.m in Sources */,
				0A4F75F01A80D9C600963DF3 /* AZTabProvider.m in Sources */,
				0A4F760D1A80D9F500963DF3 /* TFHpple.m in Sources */,
				0A4F76121A80D9F500963DF3 /* AZJSONAPI.m in Sources */,
			);
			runOnlyForDeploymentPostprocessing = 0;
		};
		0A595095197C370C00B9F60D /* Sources */ = {
			isa = PBXSourcesBuildPhase;
			buildActionMask = 2147483647;
			files = (
				0A5950C5197C42C400B9F60D /* AZRAPILayerSpec.m in Sources */,
			);
			runOnlyForDeploymentPostprocessing = 0;
		};
/* End PBXSourcesBuildPhase section */

/* Begin PBXTargetDependency section */
		0A59509E197C370C00B9F60D /* PBXTargetDependency */ = {
			isa = PBXTargetDependency;
			target = 0A595074197C370B00B9F60D /* AnkhReader */;
			targetProxy = 0A59509D197C370C00B9F60D /* PBXContainerItemProxy */;
		};
/* End PBXTargetDependency section */

/* Begin PBXVariantGroup section */
		0A595081197C370B00B9F60D /* InfoPlist.strings */ = {
			isa = PBXVariantGroup;
			children = (
				0A595082197C370B00B9F60D /* en */,
			);
			name = InfoPlist.strings;
			sourceTree = "<group>";
		};
		0A595087197C370B00B9F60D /* Credits.rtf */ = {
			isa = PBXVariantGroup;
			children = (
				0A595088197C370B00B9F60D /* en */,
			);
			name = Credits.rtf;
			sourceTree = "<group>";
		};
		0A59508D197C370C00B9F60D /* MainMenu.xib */ = {
			isa = PBXVariantGroup;
			children = (
				0A59508E197C370C00B9F60D /* Base */,
			);
			name = MainMenu.xib;
			sourceTree = "<group>";
		};
		0A5950A2197C370C00B9F60D /* InfoPlist.strings */ = {
			isa = PBXVariantGroup;
			children = (
				0A5950A3197C370C00B9F60D /* en */,
			);
			name = InfoPlist.strings;
			sourceTree = "<group>";
		};
/* End PBXVariantGroup section */

/* Begin XCBuildConfiguration section */
		0A5950A7197C370C00B9F60D /* Debug */ = {
			isa = XCBuildConfiguration;
			buildSettings = {
				ALWAYS_SEARCH_USER_PATHS = YES;
				CLANG_CXX_LANGUAGE_STANDARD = "gnu++0x";
				CLANG_CXX_LIBRARY = "libc++";
				CLANG_ENABLE_OBJC_ARC = YES;
				CLANG_WARN_BOOL_CONVERSION = YES;
				CLANG_WARN_CONSTANT_CONVERSION = YES;
				CLANG_WARN_DIRECT_OBJC_ISA_USAGE = YES_ERROR;
				CLANG_WARN_EMPTY_BODY = YES;
				CLANG_WARN_ENUM_CONVERSION = YES;
				CLANG_WARN_INT_CONVERSION = YES;
				CLANG_WARN_OBJC_ROOT_CLASS = YES_ERROR;
				CLANG_WARN__DUPLICATE_METHOD_MATCH = YES;
				COPY_PHASE_STRIP = NO;
				GCC_C_LANGUAGE_STANDARD = gnu99;
				GCC_DYNAMIC_NO_PIC = NO;
				GCC_ENABLE_OBJC_EXCEPTIONS = YES;
				GCC_OPTIMIZATION_LEVEL = 0;
				GCC_PREPROCESSOR_DEFINITIONS = (
					"DEBUG=1",
					"$(inherited)",
				);
				GCC_SYMBOLS_PRIVATE_EXTERN = NO;
				GCC_WARN_64_TO_32_BIT_CONVERSION = YES;
				GCC_WARN_ABOUT_RETURN_TYPE = YES_ERROR;
				GCC_WARN_UNDECLARED_SELECTOR = YES;
				GCC_WARN_UNINITIALIZED_AUTOS = YES;
				GCC_WARN_UNUSED_FUNCTION = YES;
				GCC_WARN_UNUSED_VARIABLE = YES;
				HEADER_SEARCH_PATHS = (
					"$(inherited)",
					/Applications/Xcode.app/Contents/Developer/Toolchains/XcodeDefault.xctoolchain/usr/include,
					"$(SDKROOT)/usr/include/libxml2",
				);
				MACOSX_DEPLOYMENT_TARGET = 10.8;
				ONLY_ACTIVE_ARCH = YES;
				SDKROOT = macosx;
				USER_HEADER_SEARCH_PATHS = "$(PROJECT_DIR)/../CommonAPIs/**";
			};
			name = Debug;
		};
		0A5950A8197C370C00B9F60D /* Release */ = {
			isa = XCBuildConfiguration;
			buildSettings = {
				ALWAYS_SEARCH_USER_PATHS = YES;
				CLANG_CXX_LANGUAGE_STANDARD = "gnu++0x";
				CLANG_CXX_LIBRARY = "libc++";
				CLANG_ENABLE_OBJC_ARC = YES;
				CLANG_WARN_BOOL_CONVERSION = YES;
				CLANG_WARN_CONSTANT_CONVERSION = YES;
				CLANG_WARN_DIRECT_OBJC_ISA_USAGE = YES_ERROR;
				CLANG_WARN_EMPTY_BODY = YES;
				CLANG_WARN_ENUM_CONVERSION = YES;
				CLANG_WARN_INT_CONVERSION = YES;
				CLANG_WARN_OBJC_ROOT_CLASS = YES_ERROR;
				CLANG_WARN__DUPLICATE_METHOD_MATCH = YES;
				COPY_PHASE_STRIP = YES;
				DEBUG_INFORMATION_FORMAT = "dwarf-with-dsym";
				ENABLE_NS_ASSERTIONS = NO;
				GCC_C_LANGUAGE_STANDARD = gnu99;
				GCC_ENABLE_OBJC_EXCEPTIONS = YES;
				GCC_WARN_64_TO_32_BIT_CONVERSION = YES;
				GCC_WARN_ABOUT_RETURN_TYPE = YES_ERROR;
				GCC_WARN_UNDECLARED_SELECTOR = YES;
				GCC_WARN_UNINITIALIZED_AUTOS = YES;
				GCC_WARN_UNUSED_FUNCTION = YES;
				GCC_WARN_UNUSED_VARIABLE = YES;
				HEADER_SEARCH_PATHS = (
					"$(inherited)",
					/Applications/Xcode.app/Contents/Developer/Toolchains/XcodeDefault.xctoolchain/usr/include,
					"$(SDKROOT)/usr/include/libxml2",
				);
				MACOSX_DEPLOYMENT_TARGET = 10.8;
				SDKROOT = macosx;
				USER_HEADER_SEARCH_PATHS = "$(PROJECT_DIR)/../CommonAPIs/**";
			};
			name = Release;
		};
		0A5950AA197C370C00B9F60D /* Debug */ = {
			isa = XCBuildConfiguration;
			buildSettings = {
				ASSETCATALOG_COMPILER_APPICON_NAME = AppIcon;
				COMBINE_HIDPI_IMAGES = YES;
				GCC_PRECOMPILE_PREFIX_HEADER = YES;
				GCC_PREFIX_HEADER = "AnkhReader/AnkhReader-Prefix.pch";
				INFOPLIST_FILE = "AnkhReader/AnkhReader-Info.plist";
				PRODUCT_NAME = "$(TARGET_NAME)";
				WRAPPER_EXTENSION = app;
			};
			name = Debug;
		};
		0A5950AB197C370C00B9F60D /* Release */ = {
			isa = XCBuildConfiguration;
			buildSettings = {
				ASSETCATALOG_COMPILER_APPICON_NAME = AppIcon;
				COMBINE_HIDPI_IMAGES = YES;
				GCC_PRECOMPILE_PREFIX_HEADER = YES;
				GCC_PREFIX_HEADER = "AnkhReader/AnkhReader-Prefix.pch";
				INFOPLIST_FILE = "AnkhReader/AnkhReader-Info.plist";
				PRODUCT_NAME = "$(TARGET_NAME)";
				WRAPPER_EXTENSION = app;
			};
			name = Release;
		};
		0A5950AD197C370C00B9F60D /* Debug */ = {
			isa = XCBuildConfiguration;
			baseConfigurationReference = D4CB68AF673C42F6BC57ADF4 /* Pods-AnkhReaderTests.xcconfig */;
			buildSettings = {
				BUNDLE_LOADER = "$(BUILT_PRODUCTS_DIR)/AnkhReader.app/Contents/MacOS/AnkhReader";
				COMBINE_HIDPI_IMAGES = YES;
				FRAMEWORK_SEARCH_PATHS = (
					"$(DEVELOPER_FRAMEWORKS_DIR)",
					"$(inherited)",
				);
				GCC_PRECOMPILE_PREFIX_HEADER = YES;
				GCC_PREFIX_HEADER = "AnkhReader/AnkhReader-Prefix.pch";
				GCC_PREPROCESSOR_DEFINITIONS = (
					"DEBUG=1",
					"$(inherited)",
				);
				INFOPLIST_FILE = "AnkhReaderTests/AnkhReaderTests-Info.plist";
				PRODUCT_NAME = "$(TARGET_NAME)";
				TEST_HOST = "$(BUNDLE_LOADER)";
				WRAPPER_EXTENSION = xctest;
			};
			name = Debug;
		};
		0A5950AE197C370C00B9F60D /* Release */ = {
			isa = XCBuildConfiguration;
			baseConfigurationReference = D4CB68AF673C42F6BC57ADF4 /* Pods-AnkhReaderTests.xcconfig */;
			buildSettings = {
				BUNDLE_LOADER = "$(BUILT_PRODUCTS_DIR)/AnkhReader.app/Contents/MacOS/AnkhReader";
				COMBINE_HIDPI_IMAGES = YES;
				FRAMEWORK_SEARCH_PATHS = (
					"$(DEVELOPER_FRAMEWORKS_DIR)",
					"$(inherited)",
				);
				GCC_PRECOMPILE_PREFIX_HEADER = YES;
				GCC_PREFIX_HEADER = "AnkhReader/AnkhReader-Prefix.pch";
				INFOPLIST_FILE = "AnkhReaderTests/AnkhReaderTests-Info.plist";
				PRODUCT_NAME = "$(TARGET_NAME)";
				TEST_HOST = "$(BUNDLE_LOADER)";
				WRAPPER_EXTENSION = xctest;
			};
			name = Release;
		};
/* End XCBuildConfiguration section */

/* Begin XCConfigurationList section */
		0A595070197C370B00B9F60D /* Build configuration list for PBXProject "AnkhReader" */ = {
			isa = XCConfigurationList;
			buildConfigurations = (
				0A5950A7197C370C00B9F60D /* Debug */,
				0A5950A8197C370C00B9F60D /* Release */,
			);
			defaultConfigurationIsVisible = 0;
			defaultConfigurationName = Release;
		};
		0A5950A9197C370C00B9F60D /* Build configuration list for PBXNativeTarget "AnkhReader" */ = {
			isa = XCConfigurationList;
			buildConfigurations = (
				0A5950AA197C370C00B9F60D /* Debug */,
				0A5950AB197C370C00B9F60D /* Release */,
			);
			defaultConfigurationIsVisible = 0;
			defaultConfigurationName = Release;
		};
		0A5950AC197C370C00B9F60D /* Build configuration list for PBXNativeTarget "AnkhReaderTests" */ = {
			isa = XCConfigurationList;
			buildConfigurations = (
				0A5950AD197C370C00B9F60D /* Debug */,
				0A5950AE197C370C00B9F60D /* Release */,
			);
			defaultConfigurationIsVisible = 0;
			defaultConfigurationName = Release;
		};
/* End XCConfigurationList section */

/* Begin XCVersionGroup section */
		0A595090197C370C00B9F60D /* AnkhReader.xcdatamodeld */ = {
			isa = XCVersionGroup;
			children = (
				0ACFF9B91A1E30860086B104 /* AnkhReader 3.xcdatamodel */,
				0A842C4B18E131BE00AC2701 /* AnkhReader 2.xcdatamodel */,
				0A595091197C370C00B9F60D /* AnkhReader.xcdatamodel */,
			);
			currentVersion = 0ACFF9B91A1E30860086B104 /* AnkhReader 3.xcdatamodel */;
			path = AnkhReader.xcdatamodeld;
			sourceTree = "<group>";
			versionGroupType = wrapper.xcdatamodel;
		};
/* End XCVersionGroup section */
	};
	rootObject = 0A59506D197C370B00B9F60D /* Project object */;
}
